// !$*UTF8*$!
{
	archiveVersion = 1;
	classes = {
	};
	objectVersion = 50;
	objects = {

/* Begin PBXBuildFile section */
		240448E39987050DA992CB75 /* libPods-GuoMeiAppUITests.a in Frameworks */ = {isa = PBXBuildFile; fileRef = A7C44C99426D4A6E7B4ACB19 /* libPods-GuoMeiAppUITests.a */; };
		8E7DCE3F144FE0D9A4F28C42 /* libPods-GuoMeiAppTests.a in Frameworks */ = {isa = PBXBuildFile; fileRef = 9087E9F4CC5D309E20BDF1D6 /* libPods-GuoMeiAppTests.a */; };
		9C424F1D20EA233F0044CD73 /* DCNewWelfareLayout.m in Sources */ = {isa = PBXBuildFile; fileRef = 9C424F1B20EA233E0044CD73 /* DCNewWelfareLayout.m */; };
		9C424F2220EA23520044CD73 /* DCGoodsHandheldCell.m in Sources */ = {isa = PBXBuildFile; fileRef = 9C424F1E20EA234E0044CD73 /* DCGoodsHandheldCell.m */; };
		9C424F2320EA23520044CD73 /* DCNewWelfareCell.m in Sources */ = {isa = PBXBuildFile; fileRef = 9C424F2120EA23520044CD73 /* DCNewWelfareCell.m */; };
		9C6E8D6220E9BF40001822A1 /* ZYFHomeRefreshGifHeader.m in Sources */ = {isa = PBXBuildFile; fileRef = 9C6E8D6120E9BF40001822A1 /* ZYFHomeRefreshGifHeader.m */; };
		9C6E8D6520E9C74D001822A1 /* ZYFTopLineFootView.m in Sources */ = {isa = PBXBuildFile; fileRef = 9C6E8D6420E9C74D001822A1 /* ZYFTopLineFootView.m */; };
		9C6E8D6B20E9C8B8001822A1 /* UIView+DCRolling.m in Sources */ = {isa = PBXBuildFile; fileRef = 9C6E8D6820E9C8B5001822A1 /* UIView+DCRolling.m */; };
		9C6E8D6C20E9C8B8001822A1 /* DCTitleRolling.m in Sources */ = {isa = PBXBuildFile; fileRef = 9C6E8D6920E9C8B6001822A1 /* DCTitleRolling.m */; };
		9CA2E4CD20E75A0800AE25C7 /* ZYFNavigationController.m in Sources */ = {isa = PBXBuildFile; fileRef = 9CA2E4CC20E75A0800AE25C7 /* ZYFNavigationController.m */; };
		9CA2E4DB20E75C3C00AE25C7 /* DCConsts.m in Sources */ = {isa = PBXBuildFile; fileRef = 9CA2E4D920E75C3B00AE25C7 /* DCConsts.m */; };
		9CA2E4DC20E75C3C00AE25C7 /* DCNotificationCenterName.m in Sources */ = {isa = PBXBuildFile; fileRef = 9CA2E4DA20E75C3C00AE25C7 /* DCNotificationCenterName.m */; };
		9CA2E4DF20E7755700AE25C7 /* ZYFAppVersionTool.m in Sources */ = {isa = PBXBuildFile; fileRef = 9CA2E4DE20E7755700AE25C7 /* ZYFAppVersionTool.m */; };
		9CA2E4E220E77B9B00AE25C7 /* ZYFTabBarController.m in Sources */ = {isa = PBXBuildFile; fileRef = 9CA2E4E120E77B9B00AE25C7 /* ZYFTabBarController.m */; };
		9CA2E55020E7E48000AE25C7 /* ZYFFeatureViewController.m in Sources */ = {isa = PBXBuildFile; fileRef = 9CA2E54F20E7E48000AE25C7 /* ZYFFeatureViewController.m */; };
		9CA2E55320E7E49500AE25C7 /* ZYFFeatureCell.m in Sources */ = {isa = PBXBuildFile; fileRef = 9CA2E55220E7E49500AE25C7 /* ZYFFeatureCell.m */; };
		9CA2E57820E7EDE600AE25C7 /* UIBarButtonItem+DCBarButtonItem.m in Sources */ = {isa = PBXBuildFile; fileRef = 9CA2E57720E7EDE500AE25C7 /* UIBarButtonItem+DCBarButtonItem.m */; };
		9CA2E57B20E7EDF100AE25C7 /* UIView+DCExtension.m in Sources */ = {isa = PBXBuildFile; fileRef = 9CA2E57A20E7EDF100AE25C7 /* UIView+DCExtension.m */; };
		9CA2E58C20E7F0E700AE25C7 /* ZYFBaseSetViewController.m in Sources */ = {isa = PBXBuildFile; fileRef = 9CA2E58B20E7F0E700AE25C7 /* ZYFBaseSetViewController.m */; };
		9CA2E59520E7F2C300AE25C7 /* ZYFLoginViewController.m in Sources */ = {isa = PBXBuildFile; fileRef = 9CA2E59320E7F2C300AE25C7 /* ZYFLoginViewController.m */; };
		9CA2E59620E7F2C300AE25C7 /* ZYFLoginViewController.xib in Resources */ = {isa = PBXBuildFile; fileRef = 9CA2E59420E7F2C300AE25C7 /* ZYFLoginViewController.xib */; };
		9CA2E59920E7F2D900AE25C7 /* ZYFRegisteredViewController.m in Sources */ = {isa = PBXBuildFile; fileRef = 9CA2E59820E7F2D900AE25C7 /* ZYFRegisteredViewController.m */; };
		9CA2E5A520E8986A00AE25C7 /* ZYFMediaListViewController.m in Sources */ = {isa = PBXBuildFile; fileRef = 9CA2E5A420E8986A00AE25C7 /* ZYFMediaListViewController.m */; };
		9CA2E5A820E8989500AE25C7 /* ZYFBeautyShopViewController.m in Sources */ = {isa = PBXBuildFile; fileRef = 9CA2E5A720E8989500AE25C7 /* ZYFBeautyShopViewController.m */; };
		9CA2E5AD20E898D900AE25C7 /* ZYFGoodDetailViewController.m in Sources */ = {isa = PBXBuildFile; fileRef = 9CA2E5AC20E898D900AE25C7 /* ZYFGoodDetailViewController.m */; };
		9CA2E5B620E8995500AE25C7 /* ZYFCommodityViewController.m in Sources */ = {isa = PBXBuildFile; fileRef = 9CA2E5B520E8995500AE25C7 /* ZYFCommodityViewController.m */; };
		9CA2E5B920E89CE500AE25C7 /* ZYFTabBadgeView.m in Sources */ = {isa = PBXBuildFile; fileRef = 9CA2E5B820E89CE500AE25C7 /* ZYFTabBadgeView.m */; };
		9CA2E5BC20E8A04300AE25C7 /* DCSpeedy.m in Sources */ = {isa = PBXBuildFile; fileRef = 9CA2E5BA20E8A04200AE25C7 /* DCSpeedy.m */; };
		9CA2E5BF20E8A8B700AE25C7 /* ZYFHandPickViewController.m in Sources */ = {isa = PBXBuildFile; fileRef = 9CA2E5BE20E8A8B700AE25C7 /* ZYFHandPickViewController.m */; };
		9CA2E5CA20E8AA0C00AE25C7 /* ZYFMyCenterViewController.m in Sources */ = {isa = PBXBuildFile; fileRef = 9CA2E5C920E8AA0C00AE25C7 /* ZYFMyCenterViewController.m */; };
		9CA2E5CD20E8B00B00AE25C7 /* DCObjManager.m in Sources */ = {isa = PBXBuildFile; fileRef = 9CA2E5CC20E8B00A00AE25C7 /* DCObjManager.m */; };
		9CA2E5F220E8C8F400AE25C7 /* ZYFGridItem.m in Sources */ = {isa = PBXBuildFile; fileRef = 9CA2E5F120E8C8F400AE25C7 /* ZYFGridItem.m */; };
		9CA2E5FA20E8CAFC00AE25C7 /* ZYFGoodsGridCell.m in Sources */ = {isa = PBXBuildFile; fileRef = 9CA2E5F920E8CAFC00AE25C7 /* ZYFGoodsGridCell.m */; };
		9CA2E5FD20E8D36300AE25C7 /* UIColor+ZYFColorChange.m in Sources */ = {isa = PBXBuildFile; fileRef = 9CA2E5FC20E8D36300AE25C7 /* UIColor+ZYFColorChange.m */; };
		9CA2E60020E8DE9000AE25C7 /* ZYFSlideshowHeadView.m in Sources */ = {isa = PBXBuildFile; fileRef = 9CA2E5FF20E8DE9000AE25C7 /* ZYFSlideshowHeadView.m */; };
		9CA2E62420E8E49A00AE25C7 /* shareTerrace.plist in Resources */ = {isa = PBXBuildFile; fileRef = 9CA2E60320E8E49800AE25C7 /* shareTerrace.plist */; };
		9CA2E62520E8E49A00AE25C7 /* ClassifyTitles.plist in Resources */ = {isa = PBXBuildFile; fileRef = 9CA2E60420E8E49800AE25C7 /* ClassifyTitles.plist */; };
		9CA2E62620E8E49A00AE25C7 /* DetailRecommend.plist in Resources */ = {isa = PBXBuildFile; fileRef = 9CA2E60520E8E49800AE25C7 /* DetailRecommend.plist */; };
		9CA2E62720E8E49A00AE25C7 /* ClassiftyGoods03.plist in Resources */ = {isa = PBXBuildFile; fileRef = 9CA2E60620E8E49800AE25C7 /* ClassiftyGoods03.plist */; };
		9CA2E62820E8E49A00AE25C7 /* ClasiftyGoods.plist in Resources */ = {isa = PBXBuildFile; fileRef = 9CA2E60720E8E49800AE25C7 /* ClasiftyGoods.plist */; };
		9CA2E62920E8E49A00AE25C7 /* ClassiftyGoods01.plist in Resources */ = {isa = PBXBuildFile; fileRef = 9CA2E60820E8E49800AE25C7 /* ClassiftyGoods01.plist */; };
		9CA2E62A20E8E49A00AE25C7 /* ClassiftyGoods02.plist in Resources */ = {isa = PBXBuildFile; fileRef = 9CA2E60920E8E49800AE25C7 /* ClassiftyGoods02.plist */; };
		9CA2E62B20E8E49A00AE25C7 /* FootprintGoods.plist in Resources */ = {isa = PBXBuildFile; fileRef = 9CA2E60A20E8E49800AE25C7 /* FootprintGoods.plist */; };
		9CA2E62C20E8E49A00AE25C7 /* ShopItem.plist in Resources */ = {isa = PBXBuildFile; fileRef = 9CA2E60B20E8E49800AE25C7 /* ShopItem.plist */; };
		9CA2E62D20E8E49A00AE25C7 /* FiltrateItem.plist in Resources */ = {isa = PBXBuildFile; fileRef = 9CA2E60C20E8E49800AE25C7 /* FiltrateItem.plist */; };
		9CA2E62E20E8E49A00AE25C7 /* BeautyShop.plist in Resources */ = {isa = PBXBuildFile; fileRef = 9CA2E60E20E8E49800AE25C7 /* BeautyShop.plist */; };
		9CA2E62F20E8E49A00AE25C7 /* BeautyRecommendShop.plist in Resources */ = {isa = PBXBuildFile; fileRef = 9CA2E60F20E8E49800AE25C7 /* BeautyRecommendShop.plist */; };
		9CA2E63020E8E49A00AE25C7 /* YouLikeGoods.plist in Resources */ = {isa = PBXBuildFile; fileRef = 9CA2E61120E8E49800AE25C7 /* YouLikeGoods.plist */; };
		9CA2E63120E8E49A00AE25C7 /* CommentPic.plist in Resources */ = {isa = PBXBuildFile; fileRef = 9CA2E61220E8E49800AE25C7 /* CommentPic.plist */; };
		9CA2E63220E8E49A00AE25C7 /* MyCenterFlow.plist in Resources */ = {isa = PBXBuildFile; fileRef = 9CA2E61320E8E49800AE25C7 /* MyCenterFlow.plist */; };
		9CA2E63320E8E49A00AE25C7 /* CommentData.plist in Resources */ = {isa = PBXBuildFile; fileRef = 9CA2E61420E8E49800AE25C7 /* CommentData.plist */; };
		9CA2E63420E8E49A00AE25C7 /* CommentBadData.plist in Resources */ = {isa = PBXBuildFile; fileRef = 9CA2E61520E8E49800AE25C7 /* CommentBadData.plist */; };
		9CA2E63520E8E49A00AE25C7 /* DeliveryAdress.plist in Resources */ = {isa = PBXBuildFile; fileRef = 9CA2E61620E8E49800AE25C7 /* DeliveryAdress.plist */; };
		9CA2E63620E8E49A00AE25C7 /* MessageNote.plist in Resources */ = {isa = PBXBuildFile; fileRef = 9CA2E61720E8E49800AE25C7 /* MessageNote.plist */; };
		9CA2E63720E8E49A00AE25C7 /* MyServiceFlow.plist in Resources */ = {isa = PBXBuildFile; fileRef = 9CA2E61820E8E49800AE25C7 /* MyServiceFlow.plist */; };
		9CA2E63820E8E49A00AE25C7 /* GoodsGrid.plist in Resources */ = {isa = PBXBuildFile; fileRef = 9CA2E61A20E8E49800AE25C7 /* GoodsGrid.plist */; };
		9CA2E63920E8E49A00AE25C7 /* HomeHighGoods.plist in Resources */ = {isa = PBXBuildFile; fileRef = 9CA2E61B20E8E49800AE25C7 /* HomeHighGoods.plist */; };
		9CA2E63A20E8E49A00AE25C7 /* CountDownShop.plist in Resources */ = {isa = PBXBuildFile; fileRef = 9CA2E61C20E8E49800AE25C7 /* CountDownShop.plist */; };
		9CA2E63B20E8E49A00AE25C7 /* RecommendShop.plist in Resources */ = {isa = PBXBuildFile; fileRef = 9CA2E61E20E8E49800AE25C7 /* RecommendShop.plist */; };
		9CA2E63C20E8E49A00AE25C7 /* loading.gif in Resources */ = {isa = PBXBuildFile; fileRef = 9CA2E62020E8E49A00AE25C7 /* loading.gif */; };
		9CA2E63D20E8E49A00AE25C7 /* loading2.gif in Resources */ = {isa = PBXBuildFile; fileRef = 9CA2E62120E8E49A00AE25C7 /* loading2.gif */; };
		9CA2E63E20E8E49A00AE25C7 /* T1cdxgB5_T1RCvBVdK.gif in Resources */ = {isa = PBXBuildFile; fileRef = 9CA2E62220E8E49A00AE25C7 /* T1cdxgB5_T1RCvBVdK.gif */; };
		9CA2E63F20E8E49A00AE25C7 /* moveupAndDown@2x.gif in Resources */ = {isa = PBXBuildFile; fileRef = 9CA2E62320E8E49A00AE25C7 /* moveupAndDown@2x.gif */; };
		9CA2E64220E8E75100AE25C7 /* ZYFHomeTopToolView.m in Sources */ = {isa = PBXBuildFile; fileRef = 9CA2E64120E8E75100AE25C7 /* ZYFHomeTopToolView.m */; };
		9CEF706E20E38EB4002192BA /* Main.storyboard in Resources */ = {isa = PBXBuildFile; fileRef = 9CEF706C20E38EB4002192BA /* Main.storyboard */; };
		9CEF707020E38EB5002192BA /* Assets.xcassets in Resources */ = {isa = PBXBuildFile; fileRef = 9CEF706F20E38EB5002192BA /* Assets.xcassets */; };
		9CEF707320E38EB5002192BA /* LaunchScreen.storyboard in Resources */ = {isa = PBXBuildFile; fileRef = 9CEF707120E38EB5002192BA /* LaunchScreen.storyboard */; };
		9CEF707620E38EB5002192BA /* main.m in Sources */ = {isa = PBXBuildFile; fileRef = 9CEF707520E38EB5002192BA /* main.m */; };
		9CEF708020E38EB6002192BA /* GuoMeiAppTests.m in Sources */ = {isa = PBXBuildFile; fileRef = 9CEF707F20E38EB6002192BA /* GuoMeiAppTests.m */; };
		9CEF708B20E38EB6002192BA /* GuoMeiAppUITests.m in Sources */ = {isa = PBXBuildFile; fileRef = 9CEF708A20E38EB6002192BA /* GuoMeiAppUITests.m */; };
		9CEF70A920E38FC7002192BA /* AppDelegate.m in Sources */ = {isa = PBXBuildFile; fileRef = 9CEF70A720E38FC7002192BA /* AppDelegate.m */; };
		9CEF70AC20E39181002192BA /* ZYFBeautyMessageViewController.m in Sources */ = {isa = PBXBuildFile; fileRef = 9CEF70AB20E39181002192BA /* ZYFBeautyMessageViewController.m */; };
		C26A05943FA05F04B9DE2D96 /* libPods-GuoMeiApp.a in Frameworks */ = {isa = PBXBuildFile; fileRef = 6A0719B0080CE88AA5BC76AC /* libPods-GuoMeiApp.a */; };
/* End PBXBuildFile section */

/* Begin PBXContainerItemProxy section */
		9CEF707C20E38EB6002192BA /* PBXContainerItemProxy */ = {
			isa = PBXContainerItemProxy;
			containerPortal = 9CEF705B20E38EB4002192BA /* Project object */;
			proxyType = 1;
			remoteGlobalIDString = 9CEF706220E38EB4002192BA;
			remoteInfo = GuoMeiApp;
		};
		9CEF708720E38EB6002192BA /* PBXContainerItemProxy */ = {
			isa = PBXContainerItemProxy;
			containerPortal = 9CEF705B20E38EB4002192BA /* Project object */;
			proxyType = 1;
			remoteGlobalIDString = 9CEF706220E38EB4002192BA;
			remoteInfo = GuoMeiApp;
		};
/* End PBXContainerItemProxy section */

/* Begin PBXFileReference section */
		6A0719B0080CE88AA5BC76AC /* libPods-GuoMeiApp.a */ = {isa = PBXFileReference; explicitFileType = archive.ar; includeInIndex = 0; path = "libPods-GuoMeiApp.a"; sourceTree = BUILT_PRODUCTS_DIR; };
		9087E9F4CC5D309E20BDF1D6 /* libPods-GuoMeiAppTests.a */ = {isa = PBXFileReference; explicitFileType = archive.ar; includeInIndex = 0; path = "libPods-GuoMeiAppTests.a"; sourceTree = BUILT_PRODUCTS_DIR; };
		97E45C963CE87DB776A20217 /* Pods-GuoMeiApp.release.xcconfig */ = {isa = PBXFileReference; includeInIndex = 1; lastKnownFileType = text.xcconfig; name = "Pods-GuoMeiApp.release.xcconfig"; path = "Pods/Target Support Files/Pods-GuoMeiApp/Pods-GuoMeiApp.release.xcconfig"; sourceTree = "<group>"; };
		9C424F1B20EA233E0044CD73 /* DCNewWelfareLayout.m */ = {isa = PBXFileReference; fileEncoding = 4; lastKnownFileType = sourcecode.c.objc; path = DCNewWelfareLayout.m; sourceTree = "<group>"; };
		9C424F1C20EA233F0044CD73 /* DCNewWelfareLayout.h */ = {isa = PBXFileReference; fileEncoding = 4; lastKnownFileType = sourcecode.c.h; path = DCNewWelfareLayout.h; sourceTree = "<group>"; };
		9C424F1E20EA234E0044CD73 /* DCGoodsHandheldCell.m */ = {isa = PBXFileReference; fileEncoding = 4; lastKnownFileType = sourcecode.c.objc; path = DCGoodsHandheldCell.m; sourceTree = "<group>"; };
		9C424F1F20EA234F0044CD73 /* DCNewWelfareCell.h */ = {isa = PBXFileReference; fileEncoding = 4; lastKnownFileType = sourcecode.c.h; path = DCNewWelfareCell.h; sourceTree = "<group>"; };
		9C424F2020EA23510044CD73 /* DCGoodsHandheldCell.h */ = {isa = PBXFileReference; fileEncoding = 4; lastKnownFileType = sourcecode.c.h; path = DCGoodsHandheldCell.h; sourceTree = "<group>"; };
		9C424F2120EA23520044CD73 /* DCNewWelfareCell.m */ = {isa = PBXFileReference; fileEncoding = 4; lastKnownFileType = sourcecode.c.objc; path = DCNewWelfareCell.m; sourceTree = "<group>"; };
		9C6E8D6020E9BF40001822A1 /* ZYFHomeRefreshGifHeader.h */ = {isa = PBXFileReference; lastKnownFileType = sourcecode.c.h; path = ZYFHomeRefreshGifHeader.h; sourceTree = "<group>"; };
		9C6E8D6120E9BF40001822A1 /* ZYFHomeRefreshGifHeader.m */ = {isa = PBXFileReference; lastKnownFileType = sourcecode.c.objc; path = ZYFHomeRefreshGifHeader.m; sourceTree = "<group>"; };
		9C6E8D6320E9C74D001822A1 /* ZYFTopLineFootView.h */ = {isa = PBXFileReference; lastKnownFileType = sourcecode.c.h; path = ZYFTopLineFootView.h; sourceTree = "<group>"; };
		9C6E8D6420E9C74D001822A1 /* ZYFTopLineFootView.m */ = {isa = PBXFileReference; lastKnownFileType = sourcecode.c.objc; path = ZYFTopLineFootView.m; sourceTree = "<group>"; };
		9C6E8D6720E9C8B3001822A1 /* DCTitleRolling.h */ = {isa = PBXFileReference; fileEncoding = 4; lastKnownFileType = sourcecode.c.h; path = DCTitleRolling.h; sourceTree = "<group>"; };
		9C6E8D6820E9C8B5001822A1 /* UIView+DCRolling.m */ = {isa = PBXFileReference; fileEncoding = 4; lastKnownFileType = sourcecode.c.objc; path = "UIView+DCRolling.m"; sourceTree = "<group>"; };
		9C6E8D6920E9C8B6001822A1 /* DCTitleRolling.m */ = {isa = PBXFileReference; fileEncoding = 4; lastKnownFileType = sourcecode.c.objc; path = DCTitleRolling.m; sourceTree = "<group>"; };
		9C6E8D6A20E9C8B7001822A1 /* UIView+DCRolling.h */ = {isa = PBXFileReference; fileEncoding = 4; lastKnownFileType = sourcecode.c.h; path = "UIView+DCRolling.h"; sourceTree = "<group>"; };
		9CA2E4CB20E75A0800AE25C7 /* ZYFNavigationController.h */ = {isa = PBXFileReference; lastKnownFileType = sourcecode.c.h; path = ZYFNavigationController.h; sourceTree = "<group>"; };
		9CA2E4CC20E75A0800AE25C7 /* ZYFNavigationController.m */ = {isa = PBXFileReference; lastKnownFileType = sourcecode.c.objc; path = ZYFNavigationController.m; sourceTree = "<group>"; };
		9CA2E4D520E75B5800AE25C7 /* Macros.h */ = {isa = PBXFileReference; fileEncoding = 4; lastKnownFileType = sourcecode.c.h; path = Macros.h; sourceTree = "<group>"; };
		9CA2E4D620E75C0700AE25C7 /* Headers.h */ = {isa = PBXFileReference; fileEncoding = 4; lastKnownFileType = sourcecode.c.h; path = Headers.h; sourceTree = "<group>"; };
		9CA2E4D720E75C3A00AE25C7 /* DCConsts.h */ = {isa = PBXFileReference; fileEncoding = 4; lastKnownFileType = sourcecode.c.h; path = DCConsts.h; sourceTree = "<group>"; };
		9CA2E4D820E75C3A00AE25C7 /* DCNotificationCenterName.h */ = {isa = PBXFileReference; fileEncoding = 4; lastKnownFileType = sourcecode.c.h; path = DCNotificationCenterName.h; sourceTree = "<group>"; };
		9CA2E4D920E75C3B00AE25C7 /* DCConsts.m */ = {isa = PBXFileReference; fileEncoding = 4; lastKnownFileType = sourcecode.c.objc; path = DCConsts.m; sourceTree = "<group>"; };
		9CA2E4DA20E75C3C00AE25C7 /* DCNotificationCenterName.m */ = {isa = PBXFileReference; fileEncoding = 4; lastKnownFileType = sourcecode.c.objc; path = DCNotificationCenterName.m; sourceTree = "<group>"; };
		9CA2E4DD20E7755700AE25C7 /* ZYFAppVersionTool.h */ = {isa = PBXFileReference; lastKnownFileType = sourcecode.c.h; path = ZYFAppVersionTool.h; sourceTree = "<group>"; };
		9CA2E4DE20E7755700AE25C7 /* ZYFAppVersionTool.m */ = {isa = PBXFileReference; lastKnownFileType = sourcecode.c.objc; path = ZYFAppVersionTool.m; sourceTree = "<group>"; };
		9CA2E4E020E77B9B00AE25C7 /* ZYFTabBarController.h */ = {isa = PBXFileReference; lastKnownFileType = sourcecode.c.h; path = ZYFTabBarController.h; sourceTree = "<group>"; };
		9CA2E4E120E77B9B00AE25C7 /* ZYFTabBarController.m */ = {isa = PBXFileReference; lastKnownFileType = sourcecode.c.objc; path = ZYFTabBarController.m; sourceTree = "<group>"; };
		9CA2E54E20E7E48000AE25C7 /* ZYFFeatureViewController.h */ = {isa = PBXFileReference; lastKnownFileType = sourcecode.c.h; path = ZYFFeatureViewController.h; sourceTree = "<group>"; };
		9CA2E54F20E7E48000AE25C7 /* ZYFFeatureViewController.m */ = {isa = PBXFileReference; lastKnownFileType = sourcecode.c.objc; path = ZYFFeatureViewController.m; sourceTree = "<group>"; };
		9CA2E55120E7E49500AE25C7 /* ZYFFeatureCell.h */ = {isa = PBXFileReference; lastKnownFileType = sourcecode.c.h; path = ZYFFeatureCell.h; sourceTree = "<group>"; };
		9CA2E55220E7E49500AE25C7 /* ZYFFeatureCell.m */ = {isa = PBXFileReference; lastKnownFileType = sourcecode.c.objc; path = ZYFFeatureCell.m; sourceTree = "<group>"; };
		9CA2E57620E7EDE500AE25C7 /* UIBarButtonItem+DCBarButtonItem.h */ = {isa = PBXFileReference; fileEncoding = 4; lastKnownFileType = sourcecode.c.h; path = "UIBarButtonItem+DCBarButtonItem.h"; sourceTree = "<group>"; };
		9CA2E57720E7EDE500AE25C7 /* UIBarButtonItem+DCBarButtonItem.m */ = {isa = PBXFileReference; fileEncoding = 4; lastKnownFileType = sourcecode.c.objc; path = "UIBarButtonItem+DCBarButtonItem.m"; sourceTree = "<group>"; };
		9CA2E57920E7EDF000AE25C7 /* UIView+DCExtension.h */ = {isa = PBXFileReference; fileEncoding = 4; lastKnownFileType = sourcecode.c.h; path = "UIView+DCExtension.h"; sourceTree = "<group>"; };
		9CA2E57A20E7EDF100AE25C7 /* UIView+DCExtension.m */ = {isa = PBXFileReference; fileEncoding = 4; lastKnownFileType = sourcecode.c.objc; path = "UIView+DCExtension.m"; sourceTree = "<group>"; };
		9CA2E58A20E7F0E700AE25C7 /* ZYFBaseSetViewController.h */ = {isa = PBXFileReference; lastKnownFileType = sourcecode.c.h; path = ZYFBaseSetViewController.h; sourceTree = "<group>"; };
		9CA2E58B20E7F0E700AE25C7 /* ZYFBaseSetViewController.m */ = {isa = PBXFileReference; lastKnownFileType = sourcecode.c.objc; path = ZYFBaseSetViewController.m; sourceTree = "<group>"; };
		9CA2E59220E7F2C300AE25C7 /* ZYFLoginViewController.h */ = {isa = PBXFileReference; lastKnownFileType = sourcecode.c.h; path = ZYFLoginViewController.h; sourceTree = "<group>"; };
		9CA2E59320E7F2C300AE25C7 /* ZYFLoginViewController.m */ = {isa = PBXFileReference; lastKnownFileType = sourcecode.c.objc; path = ZYFLoginViewController.m; sourceTree = "<group>"; };
		9CA2E59420E7F2C300AE25C7 /* ZYFLoginViewController.xib */ = {isa = PBXFileReference; lastKnownFileType = file.xib; path = ZYFLoginViewController.xib; sourceTree = "<group>"; };
		9CA2E59720E7F2D900AE25C7 /* ZYFRegisteredViewController.h */ = {isa = PBXFileReference; lastKnownFileType = sourcecode.c.h; path = ZYFRegisteredViewController.h; sourceTree = "<group>"; };
		9CA2E59820E7F2D900AE25C7 /* ZYFRegisteredViewController.m */ = {isa = PBXFileReference; lastKnownFileType = sourcecode.c.objc; path = ZYFRegisteredViewController.m; sourceTree = "<group>"; };
		9CA2E5A320E8986A00AE25C7 /* ZYFMediaListViewController.h */ = {isa = PBXFileReference; lastKnownFileType = sourcecode.c.h; path = ZYFMediaListViewController.h; sourceTree = "<group>"; };
		9CA2E5A420E8986A00AE25C7 /* ZYFMediaListViewController.m */ = {isa = PBXFileReference; lastKnownFileType = sourcecode.c.objc; path = ZYFMediaListViewController.m; sourceTree = "<group>"; };
		9CA2E5A620E8989500AE25C7 /* ZYFBeautyShopViewController.h */ = {isa = PBXFileReference; lastKnownFileType = sourcecode.c.h; path = ZYFBeautyShopViewController.h; sourceTree = "<group>"; };
		9CA2E5A720E8989500AE25C7 /* ZYFBeautyShopViewController.m */ = {isa = PBXFileReference; lastKnownFileType = sourcecode.c.objc; path = ZYFBeautyShopViewController.m; sourceTree = "<group>"; };
		9CA2E5AB20E898D900AE25C7 /* ZYFGoodDetailViewController.h */ = {isa = PBXFileReference; lastKnownFileType = sourcecode.c.h; path = ZYFGoodDetailViewController.h; sourceTree = "<group>"; };
		9CA2E5AC20E898D900AE25C7 /* ZYFGoodDetailViewController.m */ = {isa = PBXFileReference; lastKnownFileType = sourcecode.c.objc; path = ZYFGoodDetailViewController.m; sourceTree = "<group>"; };
		9CA2E5B420E8995500AE25C7 /* ZYFCommodityViewController.h */ = {isa = PBXFileReference; lastKnownFileType = sourcecode.c.h; path = ZYFCommodityViewController.h; sourceTree = "<group>"; };
		9CA2E5B520E8995500AE25C7 /* ZYFCommodityViewController.m */ = {isa = PBXFileReference; lastKnownFileType = sourcecode.c.objc; path = ZYFCommodityViewController.m; sourceTree = "<group>"; };
		9CA2E5B720E89CE500AE25C7 /* ZYFTabBadgeView.h */ = {isa = PBXFileReference; lastKnownFileType = sourcecode.c.h; path = ZYFTabBadgeView.h; sourceTree = "<group>"; };
		9CA2E5B820E89CE500AE25C7 /* ZYFTabBadgeView.m */ = {isa = PBXFileReference; lastKnownFileType = sourcecode.c.objc; path = ZYFTabBadgeView.m; sourceTree = "<group>"; };
		9CA2E5BA20E8A04200AE25C7 /* DCSpeedy.m */ = {isa = PBXFileReference; fileEncoding = 4; lastKnownFileType = sourcecode.c.objc; path = DCSpeedy.m; sourceTree = "<group>"; };
		9CA2E5BB20E8A04300AE25C7 /* DCSpeedy.h */ = {isa = PBXFileReference; fileEncoding = 4; lastKnownFileType = sourcecode.c.h; path = DCSpeedy.h; sourceTree = "<group>"; };
		9CA2E5BD20E8A8B700AE25C7 /* ZYFHandPickViewController.h */ = {isa = PBXFileReference; lastKnownFileType = sourcecode.c.h; path = ZYFHandPickViewController.h; sourceTree = "<group>"; };
		9CA2E5BE20E8A8B700AE25C7 /* ZYFHandPickViewController.m */ = {isa = PBXFileReference; lastKnownFileType = sourcecode.c.objc; path = ZYFHandPickViewController.m; sourceTree = "<group>"; };
		9CA2E5C820E8AA0C00AE25C7 /* ZYFMyCenterViewController.h */ = {isa = PBXFileReference; lastKnownFileType = sourcecode.c.h; path = ZYFMyCenterViewController.h; sourceTree = "<group>"; };
		9CA2E5C920E8AA0C00AE25C7 /* ZYFMyCenterViewController.m */ = {isa = PBXFileReference; lastKnownFileType = sourcecode.c.objc; path = ZYFMyCenterViewController.m; sourceTree = "<group>"; };
		9CA2E5CB20E8B00900AE25C7 /* DCObjManager.h */ = {isa = PBXFileReference; fileEncoding = 4; lastKnownFileType = sourcecode.c.h; path = DCObjManager.h; sourceTree = "<group>"; };
		9CA2E5CC20E8B00A00AE25C7 /* DCObjManager.m */ = {isa = PBXFileReference; fileEncoding = 4; lastKnownFileType = sourcecode.c.objc; path = DCObjManager.m; sourceTree = "<group>"; };
		9CA2E5F020E8C8F400AE25C7 /* ZYFGridItem.h */ = {isa = PBXFileReference; lastKnownFileType = sourcecode.c.h; path = ZYFGridItem.h; sourceTree = "<group>"; };
		9CA2E5F120E8C8F400AE25C7 /* ZYFGridItem.m */ = {isa = PBXFileReference; lastKnownFileType = sourcecode.c.objc; path = ZYFGridItem.m; sourceTree = "<group>"; };
		9CA2E5F820E8CAFC00AE25C7 /* ZYFGoodsGridCell.h */ = {isa = PBXFileReference; lastKnownFileType = sourcecode.c.h; path = ZYFGoodsGridCell.h; sourceTree = "<group>"; };
		9CA2E5F920E8CAFC00AE25C7 /* ZYFGoodsGridCell.m */ = {isa = PBXFileReference; lastKnownFileType = sourcecode.c.objc; path = ZYFGoodsGridCell.m; sourceTree = "<group>"; };
		9CA2E5FB20E8D36300AE25C7 /* UIColor+ZYFColorChange.h */ = {isa = PBXFileReference; lastKnownFileType = sourcecode.c.h; path = "UIColor+ZYFColorChange.h"; sourceTree = "<group>"; };
		9CA2E5FC20E8D36300AE25C7 /* UIColor+ZYFColorChange.m */ = {isa = PBXFileReference; lastKnownFileType = sourcecode.c.objc; path = "UIColor+ZYFColorChange.m"; sourceTree = "<group>"; };
		9CA2E5FE20E8DE9000AE25C7 /* ZYFSlideshowHeadView.h */ = {isa = PBXFileReference; lastKnownFileType = sourcecode.c.h; path = ZYFSlideshowHeadView.h; sourceTree = "<group>"; };
		9CA2E5FF20E8DE9000AE25C7 /* ZYFSlideshowHeadView.m */ = {isa = PBXFileReference; lastKnownFileType = sourcecode.c.objc; path = ZYFSlideshowHeadView.m; sourceTree = "<group>"; };
		9CA2E60320E8E49800AE25C7 /* shareTerrace.plist */ = {isa = PBXFileReference; fileEncoding = 4; lastKnownFileType = text.plist.xml; path = shareTerrace.plist; sourceTree = "<group>"; };
		9CA2E60420E8E49800AE25C7 /* ClassifyTitles.plist */ = {isa = PBXFileReference; fileEncoding = 4; lastKnownFileType = text.plist.xml; path = ClassifyTitles.plist; sourceTree = "<group>"; };
		9CA2E60520E8E49800AE25C7 /* DetailRecommend.plist */ = {isa = PBXFileReference; fileEncoding = 4; lastKnownFileType = text.plist.xml; path = DetailRecommend.plist; sourceTree = "<group>"; };
		9CA2E60620E8E49800AE25C7 /* ClassiftyGoods03.plist */ = {isa = PBXFileReference; fileEncoding = 4; lastKnownFileType = text.plist.xml; path = ClassiftyGoods03.plist; sourceTree = "<group>"; };
		9CA2E60720E8E49800AE25C7 /* ClasiftyGoods.plist */ = {isa = PBXFileReference; fileEncoding = 4; lastKnownFileType = text.plist.xml; path = ClasiftyGoods.plist; sourceTree = "<group>"; };
		9CA2E60820E8E49800AE25C7 /* ClassiftyGoods01.plist */ = {isa = PBXFileReference; fileEncoding = 4; lastKnownFileType = text.plist.xml; path = ClassiftyGoods01.plist; sourceTree = "<group>"; };
		9CA2E60920E8E49800AE25C7 /* ClassiftyGoods02.plist */ = {isa = PBXFileReference; fileEncoding = 4; lastKnownFileType = text.plist.xml; path = ClassiftyGoods02.plist; sourceTree = "<group>"; };
		9CA2E60A20E8E49800AE25C7 /* FootprintGoods.plist */ = {isa = PBXFileReference; fileEncoding = 4; lastKnownFileType = text.plist.xml; path = FootprintGoods.plist; sourceTree = "<group>"; };
		9CA2E60B20E8E49800AE25C7 /* ShopItem.plist */ = {isa = PBXFileReference; fileEncoding = 4; lastKnownFileType = text.plist.xml; path = ShopItem.plist; sourceTree = "<group>"; };
		9CA2E60C20E8E49800AE25C7 /* FiltrateItem.plist */ = {isa = PBXFileReference; fileEncoding = 4; lastKnownFileType = text.plist.xml; path = FiltrateItem.plist; sourceTree = "<group>"; };
		9CA2E60E20E8E49800AE25C7 /* BeautyShop.plist */ = {isa = PBXFileReference; fileEncoding = 4; lastKnownFileType = text.plist.xml; path = BeautyShop.plist; sourceTree = "<group>"; };
		9CA2E60F20E8E49800AE25C7 /* BeautyRecommendShop.plist */ = {isa = PBXFileReference; fileEncoding = 4; lastKnownFileType = text.plist.xml; path = BeautyRecommendShop.plist; sourceTree = "<group>"; };
		9CA2E61120E8E49800AE25C7 /* YouLikeGoods.plist */ = {isa = PBXFileReference; fileEncoding = 4; lastKnownFileType = text.plist.xml; path = YouLikeGoods.plist; sourceTree = "<group>"; };
		9CA2E61220E8E49800AE25C7 /* CommentPic.plist */ = {isa = PBXFileReference; fileEncoding = 4; lastKnownFileType = text.plist.xml; path = CommentPic.plist; sourceTree = "<group>"; };
		9CA2E61320E8E49800AE25C7 /* MyCenterFlow.plist */ = {isa = PBXFileReference; fileEncoding = 4; lastKnownFileType = text.plist.xml; path = MyCenterFlow.plist; sourceTree = "<group>"; };
		9CA2E61420E8E49800AE25C7 /* CommentData.plist */ = {isa = PBXFileReference; fileEncoding = 4; lastKnownFileType = text.plist.xml; path = CommentData.plist; sourceTree = "<group>"; };
		9CA2E61520E8E49800AE25C7 /* CommentBadData.plist */ = {isa = PBXFileReference; fileEncoding = 4; lastKnownFileType = text.plist.xml; path = CommentBadData.plist; sourceTree = "<group>"; };
		9CA2E61620E8E49800AE25C7 /* DeliveryAdress.plist */ = {isa = PBXFileReference; fileEncoding = 4; lastKnownFileType = text.plist.xml; path = DeliveryAdress.plist; sourceTree = "<group>"; };
		9CA2E61720E8E49800AE25C7 /* MessageNote.plist */ = {isa = PBXFileReference; fileEncoding = 4; lastKnownFileType = text.plist.xml; path = MessageNote.plist; sourceTree = "<group>"; };
		9CA2E61820E8E49800AE25C7 /* MyServiceFlow.plist */ = {isa = PBXFileReference; fileEncoding = 4; lastKnownFileType = text.plist.xml; path = MyServiceFlow.plist; sourceTree = "<group>"; };
		9CA2E61A20E8E49800AE25C7 /* GoodsGrid.plist */ = {isa = PBXFileReference; fileEncoding = 4; lastKnownFileType = text.plist.xml; path = GoodsGrid.plist; sourceTree = "<group>"; };
		9CA2E61B20E8E49800AE25C7 /* HomeHighGoods.plist */ = {isa = PBXFileReference; fileEncoding = 4; lastKnownFileType = text.plist.xml; path = HomeHighGoods.plist; sourceTree = "<group>"; };
		9CA2E61C20E8E49800AE25C7 /* CountDownShop.plist */ = {isa = PBXFileReference; fileEncoding = 4; lastKnownFileType = text.plist.xml; path = CountDownShop.plist; sourceTree = "<group>"; };
		9CA2E61E20E8E49800AE25C7 /* RecommendShop.plist */ = {isa = PBXFileReference; fileEncoding = 4; lastKnownFileType = text.plist.xml; path = RecommendShop.plist; sourceTree = "<group>"; };
		9CA2E62020E8E49A00AE25C7 /* loading.gif */ = {isa = PBXFileReference; lastKnownFileType = image.gif; path = loading.gif; sourceTree = "<group>"; };
		9CA2E62120E8E49A00AE25C7 /* loading2.gif */ = {isa = PBXFileReference; lastKnownFileType = image.gif; path = loading2.gif; sourceTree = "<group>"; };
		9CA2E62220E8E49A00AE25C7 /* T1cdxgB5_T1RCvBVdK.gif */ = {isa = PBXFileReference; lastKnownFileType = image.gif; path = T1cdxgB5_T1RCvBVdK.gif; sourceTree = "<group>"; };
		9CA2E62320E8E49A00AE25C7 /* moveupAndDown@2x.gif */ = {isa = PBXFileReference; lastKnownFileType = image.gif; path = "moveupAndDown@2x.gif"; sourceTree = "<group>"; };
		9CA2E64020E8E75100AE25C7 /* ZYFHomeTopToolView.h */ = {isa = PBXFileReference; lastKnownFileType = sourcecode.c.h; path = ZYFHomeTopToolView.h; sourceTree = "<group>"; };
		9CA2E64120E8E75100AE25C7 /* ZYFHomeTopToolView.m */ = {isa = PBXFileReference; lastKnownFileType = sourcecode.c.objc; path = ZYFHomeTopToolView.m; sourceTree = "<group>"; };
		9CEF706320E38EB4002192BA /* GuoMeiApp.app */ = {isa = PBXFileReference; explicitFileType = wrapper.application; includeInIndex = 0; path = GuoMeiApp.app; sourceTree = BUILT_PRODUCTS_DIR; };
		9CEF706D20E38EB4002192BA /* Base */ = {isa = PBXFileReference; lastKnownFileType = file.storyboard; name = Base; path = Base.lproj/Main.storyboard; sourceTree = "<group>"; };
		9CEF706F20E38EB5002192BA /* Assets.xcassets */ = {isa = PBXFileReference; lastKnownFileType = folder.assetcatalog; path = Assets.xcassets; sourceTree = "<group>"; };
		9CEF707220E38EB5002192BA /* Base */ = {isa = PBXFileReference; lastKnownFileType = file.storyboard; name = Base; path = Base.lproj/LaunchScreen.storyboard; sourceTree = "<group>"; };
		9CEF707420E38EB5002192BA /* Info.plist */ = {isa = PBXFileReference; lastKnownFileType = text.plist.xml; path = Info.plist; sourceTree = "<group>"; };
		9CEF707520E38EB5002192BA /* main.m */ = {isa = PBXFileReference; lastKnownFileType = sourcecode.c.objc; path = main.m; sourceTree = "<group>"; };
		9CEF707B20E38EB6002192BA /* GuoMeiAppTests.xctest */ = {isa = PBXFileReference; explicitFileType = wrapper.cfbundle; includeInIndex = 0; path = GuoMeiAppTests.xctest; sourceTree = BUILT_PRODUCTS_DIR; };
		9CEF707F20E38EB6002192BA /* GuoMeiAppTests.m */ = {isa = PBXFileReference; lastKnownFileType = sourcecode.c.objc; path = GuoMeiAppTests.m; sourceTree = "<group>"; };
		9CEF708120E38EB6002192BA /* Info.plist */ = {isa = PBXFileReference; lastKnownFileType = text.plist.xml; path = Info.plist; sourceTree = "<group>"; };
		9CEF708620E38EB6002192BA /* GuoMeiAppUITests.xctest */ = {isa = PBXFileReference; explicitFileType = wrapper.cfbundle; includeInIndex = 0; path = GuoMeiAppUITests.xctest; sourceTree = BUILT_PRODUCTS_DIR; };
		9CEF708A20E38EB6002192BA /* GuoMeiAppUITests.m */ = {isa = PBXFileReference; lastKnownFileType = sourcecode.c.objc; path = GuoMeiAppUITests.m; sourceTree = "<group>"; };
		9CEF708C20E38EB6002192BA /* Info.plist */ = {isa = PBXFileReference; lastKnownFileType = text.plist.xml; path = Info.plist; sourceTree = "<group>"; };
		9CEF70A720E38FC7002192BA /* AppDelegate.m */ = {isa = PBXFileReference; fileEncoding = 4; lastKnownFileType = sourcecode.c.objc; path = AppDelegate.m; sourceTree = "<group>"; };
		9CEF70A820E38FC7002192BA /* AppDelegate.h */ = {isa = PBXFileReference; fileEncoding = 4; lastKnownFileType = sourcecode.c.h; path = AppDelegate.h; sourceTree = "<group>"; };
		9CEF70AA20E39181002192BA /* ZYFBeautyMessageViewController.h */ = {isa = PBXFileReference; lastKnownFileType = sourcecode.c.h; path = ZYFBeautyMessageViewController.h; sourceTree = "<group>"; };
		9CEF70AB20E39181002192BA /* ZYFBeautyMessageViewController.m */ = {isa = PBXFileReference; lastKnownFileType = sourcecode.c.objc; path = ZYFBeautyMessageViewController.m; sourceTree = "<group>"; };
		A7C44C99426D4A6E7B4ACB19 /* libPods-GuoMeiAppUITests.a */ = {isa = PBXFileReference; explicitFileType = archive.ar; includeInIndex = 0; path = "libPods-GuoMeiAppUITests.a"; sourceTree = BUILT_PRODUCTS_DIR; };
		B0754C7135D9C74D725AE050 /* Pods-GuoMeiAppUITests.release.xcconfig */ = {isa = PBXFileReference; includeInIndex = 1; lastKnownFileType = text.xcconfig; name = "Pods-GuoMeiAppUITests.release.xcconfig"; path = "Pods/Target Support Files/Pods-GuoMeiAppUITests/Pods-GuoMeiAppUITests.release.xcconfig"; sourceTree = "<group>"; };
		BDAC1945DE3A6AED9A291D52 /* Pods-GuoMeiApp.debug.xcconfig */ = {isa = PBXFileReference; includeInIndex = 1; lastKnownFileType = text.xcconfig; name = "Pods-GuoMeiApp.debug.xcconfig"; path = "Pods/Target Support Files/Pods-GuoMeiApp/Pods-GuoMeiApp.debug.xcconfig"; sourceTree = "<group>"; };
		D66AF2BFD4E422C223822459 /* Pods-GuoMeiAppTests.debug.xcconfig */ = {isa = PBXFileReference; includeInIndex = 1; lastKnownFileType = text.xcconfig; name = "Pods-GuoMeiAppTests.debug.xcconfig"; path = "Pods/Target Support Files/Pods-GuoMeiAppTests/Pods-GuoMeiAppTests.debug.xcconfig"; sourceTree = "<group>"; };
		F81F11CDBBD3EF33FFB684FE /* Pods-GuoMeiAppTests.release.xcconfig */ = {isa = PBXFileReference; includeInIndex = 1; lastKnownFileType = text.xcconfig; name = "Pods-GuoMeiAppTests.release.xcconfig"; path = "Pods/Target Support Files/Pods-GuoMeiAppTests/Pods-GuoMeiAppTests.release.xcconfig"; sourceTree = "<group>"; };
		FBCAF1FBCFBBAA3F5356BE8D /* Pods-GuoMeiAppUITests.debug.xcconfig */ = {isa = PBXFileReference; includeInIndex = 1; lastKnownFileType = text.xcconfig; name = "Pods-GuoMeiAppUITests.debug.xcconfig"; path = "Pods/Target Support Files/Pods-GuoMeiAppUITests/Pods-GuoMeiAppUITests.debug.xcconfig"; sourceTree = "<group>"; };
/* End PBXFileReference section */

/* Begin PBXFrameworksBuildPhase section */
		9CEF706020E38EB4002192BA /* Frameworks */ = {
			isa = PBXFrameworksBuildPhase;
			buildActionMask = 2147483647;
			files = (
				C26A05943FA05F04B9DE2D96 /* libPods-GuoMeiApp.a in Frameworks */,
			);
			runOnlyForDeploymentPostprocessing = 0;
		};
		9CEF707820E38EB6002192BA /* Frameworks */ = {
			isa = PBXFrameworksBuildPhase;
			buildActionMask = 2147483647;
			files = (
				8E7DCE3F144FE0D9A4F28C42 /* libPods-GuoMeiAppTests.a in Frameworks */,
			);
			runOnlyForDeploymentPostprocessing = 0;
		};
		9CEF708320E38EB6002192BA /* Frameworks */ = {
			isa = PBXFrameworksBuildPhase;
			buildActionMask = 2147483647;
			files = (
				240448E39987050DA992CB75 /* libPods-GuoMeiAppUITests.a in Frameworks */,
			);
			runOnlyForDeploymentPostprocessing = 0;
		};
/* End PBXFrameworksBuildPhase section */

/* Begin PBXGroup section */
		0690923FC79EDFFADC2186A7 /* Frameworks */ = {
			isa = PBXGroup;
			children = (
				6A0719B0080CE88AA5BC76AC /* libPods-GuoMeiApp.a */,
				9087E9F4CC5D309E20BDF1D6 /* libPods-GuoMeiAppTests.a */,
				A7C44C99426D4A6E7B4ACB19 /* libPods-GuoMeiAppUITests.a */,
			);
			name = Frameworks;
			sourceTree = "<group>";
		};
		9C6E8D6620E9C8A6001822A1 /* CDDTitleRolling */ = {
			isa = PBXGroup;
			children = (
				9C6E8D6720E9C8B3001822A1 /* DCTitleRolling.h */,
				9C6E8D6920E9C8B6001822A1 /* DCTitleRolling.m */,
				9C6E8D6A20E9C8B7001822A1 /* UIView+DCRolling.h */,
				9C6E8D6820E9C8B5001822A1 /* UIView+DCRolling.m */,
			);
			path = CDDTitleRolling;
			sourceTree = "<group>";
		};
		9CA2E4C720E759E100AE25C7 /* View */ = {
			isa = PBXGroup;
			children = (
				9CA2E5B720E89CE500AE25C7 /* ZYFTabBadgeView.h */,
				9CA2E5B820E89CE500AE25C7 /* ZYFTabBadgeView.m */,
			);
			path = View;
			sourceTree = "<group>";
		};
		9CA2E4C820E759E100AE25C7 /* AppVersion */ = {
			isa = PBXGroup;
			children = (
				9CA2E4DD20E7755700AE25C7 /* ZYFAppVersionTool.h */,
				9CA2E4DE20E7755700AE25C7 /* ZYFAppVersionTool.m */,
			);
			path = AppVersion;
			sourceTree = "<group>";
		};
		9CA2E4C920E759E100AE25C7 /* Controller */ = {
			isa = PBXGroup;
			children = (
				9CA2E4CB20E75A0800AE25C7 /* ZYFNavigationController.h */,
				9CA2E4CC20E75A0800AE25C7 /* ZYFNavigationController.m */,
				9CA2E4E020E77B9B00AE25C7 /* ZYFTabBarController.h */,
				9CA2E4E120E77B9B00AE25C7 /* ZYFTabBarController.m */,
				9CA2E58A20E7F0E700AE25C7 /* ZYFBaseSetViewController.h */,
				9CA2E58B20E7F0E700AE25C7 /* ZYFBaseSetViewController.m */,
			);
			path = Controller;
			sourceTree = "<group>";
		};
		9CA2E4CA20E759E100AE25C7 /* UserInfo */ = {
			isa = PBXGroup;
			children = (
			);
			path = UserInfo;
			sourceTree = "<group>";
		};
		9CA2E4CE20E75B3500AE25C7 /* Macros(宏) */ = {
			isa = PBXGroup;
			children = (
				9CA2E4D520E75B5800AE25C7 /* Macros.h */,
			);
			path = "Macros(宏)";
			sourceTree = "<group>";
		};
		9CA2E4CF20E75B3500AE25C7 /* Const(常量) */ = {
			isa = PBXGroup;
			children = (
				9CA2E4D720E75C3A00AE25C7 /* DCConsts.h */,
				9CA2E4D920E75C3B00AE25C7 /* DCConsts.m */,
				9CA2E4D820E75C3A00AE25C7 /* DCNotificationCenterName.h */,
				9CA2E4DA20E75C3C00AE25C7 /* DCNotificationCenterName.m */,
			);
			path = "Const(常量)";
			sourceTree = "<group>";
		};
		9CA2E4D020E75B3500AE25C7 /* CustionButton */ = {
			isa = PBXGroup;
			children = (
			);
			path = CustionButton;
			sourceTree = "<group>";
		};
		9CA2E4D120E75B3500AE25C7 /* Headers(头文件) */ = {
			isa = PBXGroup;
			children = (
				9CA2E4D620E75C0700AE25C7 /* Headers.h */,
			);
			path = "Headers(头文件)";
			sourceTree = "<group>";
		};
		9CA2E4D220E75B3500AE25C7 /* Category(分类) */ = {
			isa = PBXGroup;
			children = (
				9CA2E57920E7EDF000AE25C7 /* UIView+DCExtension.h */,
				9CA2E57A20E7EDF100AE25C7 /* UIView+DCExtension.m */,
				9CA2E57620E7EDE500AE25C7 /* UIBarButtonItem+DCBarButtonItem.h */,
				9CA2E57720E7EDE500AE25C7 /* UIBarButtonItem+DCBarButtonItem.m */,
				9CA2E5FB20E8D36300AE25C7 /* UIColor+ZYFColorChange.h */,
				9CA2E5FC20E8D36300AE25C7 /* UIColor+ZYFColorChange.m */,
			);
			path = "Category(分类)";
			sourceTree = "<group>";
		};
		9CA2E4D320E75B3500AE25C7 /* Tools(工具) */ = {
			isa = PBXGroup;
			children = (
				9CA2E5CB20E8B00900AE25C7 /* DCObjManager.h */,
				9CA2E5CC20E8B00A00AE25C7 /* DCObjManager.m */,
				9CA2E5BB20E8A04300AE25C7 /* DCSpeedy.h */,
				9CA2E5BA20E8A04200AE25C7 /* DCSpeedy.m */,
			);
			path = "Tools(工具)";
			sourceTree = "<group>";
		};
		9CA2E4D420E75B3500AE25C7 /* Vendors(第三方) */ = {
			isa = PBXGroup;
			children = (
				9C6E8D6620E9C8A6001822A1 /* CDDTitleRolling */,
			);
			path = "Vendors(第三方)";
			sourceTree = "<group>";
		};
		9CA2E54C20E7E45B00AE25C7 /* ViewController */ = {
			isa = PBXGroup;
			children = (
				9CA2E54E20E7E48000AE25C7 /* ZYFFeatureViewController.h */,
				9CA2E54F20E7E48000AE25C7 /* ZYFFeatureViewController.m */,
			);
			path = ViewController;
			sourceTree = "<group>";
		};
		9CA2E54D20E7E46900AE25C7 /* View */ = {
			isa = PBXGroup;
			children = (
				9CA2E55120E7E49500AE25C7 /* ZYFFeatureCell.h */,
				9CA2E55220E7E49500AE25C7 /* ZYFFeatureCell.m */,
			);
			path = View;
			sourceTree = "<group>";
		};
		9CA2E57C20E7EF9C00AE25C7 /* Scan(扫描) */ = {
			isa = PBXGroup;
			children = (
			);
			path = "Scan(扫描)";
			sourceTree = "<group>";
		};
		9CA2E57D20E7EFA700AE25C7 /* Main */ = {
			isa = PBXGroup;
			children = (
				9CA2E58020E7EFC800AE25C7 /* Controller */,
				9CA2E57F20E7EFC100AE25C7 /* View */,
				9CA2E57E20E7EFB000AE25C7 /* Model */,
			);
			path = Main;
			sourceTree = "<group>";
		};
		9CA2E57E20E7EFB000AE25C7 /* Model */ = {
			isa = PBXGroup;
			children = (
				9CA2E5F020E8C8F400AE25C7 /* ZYFGridItem.h */,
				9CA2E5F120E8C8F400AE25C7 /* ZYFGridItem.m */,
			);
			path = Model;
			sourceTree = "<group>";
		};
		9CA2E57F20E7EFC100AE25C7 /* View */ = {
			isa = PBXGroup;
			children = (
				9CA2E5F420E8CA9C00AE25C7 /* CollectionView */,
				9CA2E5F320E8CA9100AE25C7 /* CusSortLayout */,
				9CA2E64020E8E75100AE25C7 /* ZYFHomeTopToolView.h */,
				9CA2E64120E8E75100AE25C7 /* ZYFHomeTopToolView.m */,
				9C6E8D6020E9BF40001822A1 /* ZYFHomeRefreshGifHeader.h */,
				9C6E8D6120E9BF40001822A1 /* ZYFHomeRefreshGifHeader.m */,
			);
			path = View;
			sourceTree = "<group>";
		};
		9CA2E58020E7EFC800AE25C7 /* Controller */ = {
			isa = PBXGroup;
			children = (
				9CA2E5BD20E8A8B700AE25C7 /* ZYFHandPickViewController.h */,
				9CA2E5BE20E8A8B700AE25C7 /* ZYFHandPickViewController.m */,
			);
			path = Controller;
			sourceTree = "<group>";
		};
		9CA2E58120E7EFE500AE25C7 /* ViewController */ = {
			isa = PBXGroup;
			children = (
				9CA2E5AA20E898BB00AE25C7 /* Detail */,
				9CA2E5A920E898B600AE25C7 /* Main */,
			);
			path = ViewController;
			sourceTree = "<group>";
		};
		9CA2E58220E7EFED00AE25C7 /* View */ = {
			isa = PBXGroup;
			children = (
			);
			path = View;
			sourceTree = "<group>";
		};
		9CA2E58320E7EFF200AE25C7 /* Model */ = {
			isa = PBXGroup;
			children = (
			);
			path = Model;
			sourceTree = "<group>";
		};
		9CA2E58420E7F03E00AE25C7 /* View */ = {
			isa = PBXGroup;
			children = (
			);
			path = View;
			sourceTree = "<group>";
		};
		9CA2E58520E7F03E00AE25C7 /* Model */ = {
			isa = PBXGroup;
			children = (
			);
			path = Model;
			sourceTree = "<group>";
		};
		9CA2E58620E7F03E00AE25C7 /* ViewController */ = {
			isa = PBXGroup;
			children = (
			);
			path = ViewController;
			sourceTree = "<group>";
		};
		9CA2E58720E7F05000AE25C7 /* Model */ = {
			isa = PBXGroup;
			children = (
			);
			path = Model;
			sourceTree = "<group>";
		};
		9CA2E58820E7F05000AE25C7 /* ViewController */ = {
			isa = PBXGroup;
			children = (
				9CA2E5B320E8993F00AE25C7 /* ShowView */,
				9CA2E5B220E8993800AE25C7 /* Main */,
			);
			path = ViewController;
			sourceTree = "<group>";
		};
		9CA2E58920E7F05000AE25C7 /* View */ = {
			isa = PBXGroup;
			children = (
			);
			path = View;
			sourceTree = "<group>";
		};
		9CA2E58D20E7F29500AE25C7 /* View */ = {
			isa = PBXGroup;
			children = (
			);
			path = View;
			sourceTree = "<group>";
		};
		9CA2E58E20E7F29A00AE25C7 /* ViewController */ = {
			isa = PBXGroup;
			children = (
				9CA2E59220E7F2C300AE25C7 /* ZYFLoginViewController.h */,
				9CA2E59320E7F2C300AE25C7 /* ZYFLoginViewController.m */,
				9CA2E59420E7F2C300AE25C7 /* ZYFLoginViewController.xib */,
				9CA2E59720E7F2D900AE25C7 /* ZYFRegisteredViewController.h */,
				9CA2E59820E7F2D900AE25C7 /* ZYFRegisteredViewController.m */,
			);
			path = ViewController;
			sourceTree = "<group>";
		};
		9CA2E59C20E897E600AE25C7 /* Main */ = {
			isa = PBXGroup;
			children = (
				9CA2E59F20E897F900AE25C7 /* View */,
				9CA2E59E20E897F300AE25C7 /* Model */,
				9CA2E59D20E897ED00AE25C7 /* Controller */,
			);
			path = Main;
			sourceTree = "<group>";
		};
		9CA2E59D20E897ED00AE25C7 /* Controller */ = {
			isa = PBXGroup;
			children = (
				9CA2E5A620E8989500AE25C7 /* ZYFBeautyShopViewController.h */,
				9CA2E5A720E8989500AE25C7 /* ZYFBeautyShopViewController.m */,
			);
			path = Controller;
			sourceTree = "<group>";
		};
		9CA2E59E20E897F300AE25C7 /* Model */ = {
			isa = PBXGroup;
			children = (
			);
			path = Model;
			sourceTree = "<group>";
		};
		9CA2E59F20E897F900AE25C7 /* View */ = {
			isa = PBXGroup;
			children = (
			);
			path = View;
			sourceTree = "<group>";
		};
		9CA2E5A020E8980D00AE25C7 /* Main */ = {
			isa = PBXGroup;
			children = (
				9CA2E5A220E8981C00AE25C7 /* View */,
				9CA2E5A120E8981600AE25C7 /* Controller */,
			);
			path = Main;
			sourceTree = "<group>";
		};
		9CA2E5A120E8981600AE25C7 /* Controller */ = {
			isa = PBXGroup;
			children = (
				9CA2E5A320E8986A00AE25C7 /* ZYFMediaListViewController.h */,
				9CA2E5A420E8986A00AE25C7 /* ZYFMediaListViewController.m */,
			);
			path = Controller;
			sourceTree = "<group>";
		};
		9CA2E5A220E8981C00AE25C7 /* View */ = {
			isa = PBXGroup;
			children = (
			);
			path = View;
			sourceTree = "<group>";
		};
		9CA2E5A920E898B600AE25C7 /* Main */ = {
			isa = PBXGroup;
			children = (
				9CA2E5AB20E898D900AE25C7 /* ZYFGoodDetailViewController.h */,
				9CA2E5AC20E898D900AE25C7 /* ZYFGoodDetailViewController.m */,
			);
			path = Main;
			sourceTree = "<group>";
		};
		9CA2E5AA20E898BB00AE25C7 /* Detail */ = {
			isa = PBXGroup;
			children = (
				9CA2E5B120E8991200AE25C7 /* GoodsParticulars(商品详情) */,
				9CA2E5B020E898FF00AE25C7 /* GoodsFiltrate(商品筛选) */,
				9CA2E5AF20E898F200AE25C7 /* GoodsComments(商品评论) */,
				9CA2E5AE20E898E500AE25C7 /* GoodsBase(商品主页) */,
			);
			path = Detail;
			sourceTree = "<group>";
		};
		9CA2E5AE20E898E500AE25C7 /* GoodsBase(商品主页) */ = {
			isa = PBXGroup;
			children = (
			);
			path = "GoodsBase(商品主页)";
			sourceTree = "<group>";
		};
		9CA2E5AF20E898F200AE25C7 /* GoodsComments(商品评论) */ = {
			isa = PBXGroup;
			children = (
			);
			path = "GoodsComments(商品评论)";
			sourceTree = "<group>";
		};
		9CA2E5B020E898FF00AE25C7 /* GoodsFiltrate(商品筛选) */ = {
			isa = PBXGroup;
			children = (
			);
			path = "GoodsFiltrate(商品筛选)";
			sourceTree = "<group>";
		};
		9CA2E5B120E8991200AE25C7 /* GoodsParticulars(商品详情) */ = {
			isa = PBXGroup;
			children = (
			);
			path = "GoodsParticulars(商品详情)";
			sourceTree = "<group>";
		};
		9CA2E5B220E8993800AE25C7 /* Main */ = {
			isa = PBXGroup;
			children = (
				9CA2E5B420E8995500AE25C7 /* ZYFCommodityViewController.h */,
				9CA2E5B520E8995500AE25C7 /* ZYFCommodityViewController.m */,
			);
			path = Main;
			sourceTree = "<group>";
		};
		9CA2E5B320E8993F00AE25C7 /* ShowView */ = {
			isa = PBXGroup;
			children = (
			);
			path = ShowView;
			sourceTree = "<group>";
		};
		9CA2E5C020E8A9AE00AE25C7 /* Setting */ = {
			isa = PBXGroup;
			children = (
				9CA2E5C520E8A9D700AE25C7 /* Controller */,
			);
			path = Setting;
			sourceTree = "<group>";
		};
		9CA2E5C120E8A9B600AE25C7 /* Main */ = {
			isa = PBXGroup;
			children = (
				9CA2E5C420E8A9C900AE25C7 /* Controller */,
				9CA2E5C320E8A9C500AE25C7 /* View */,
				9CA2E5C220E8A9BF00AE25C7 /* Model */,
			);
			path = Main;
			sourceTree = "<group>";
		};
		9CA2E5C220E8A9BF00AE25C7 /* Model */ = {
			isa = PBXGroup;
			children = (
			);
			path = Model;
			sourceTree = "<group>";
		};
		9CA2E5C320E8A9C500AE25C7 /* View */ = {
			isa = PBXGroup;
			children = (
			);
			path = View;
			sourceTree = "<group>";
		};
		9CA2E5C420E8A9C900AE25C7 /* Controller */ = {
			isa = PBXGroup;
			children = (
				9CA2E5C720E8A9F000AE25C7 /* SubController */,
				9CA2E5C620E8A9EB00AE25C7 /* Main */,
			);
			path = Controller;
			sourceTree = "<group>";
		};
		9CA2E5C520E8A9D700AE25C7 /* Controller */ = {
			isa = PBXGroup;
			children = (
			);
			path = Controller;
			sourceTree = "<group>";
		};
		9CA2E5C620E8A9EB00AE25C7 /* Main */ = {
			isa = PBXGroup;
			children = (
				9CA2E5C820E8AA0C00AE25C7 /* ZYFMyCenterViewController.h */,
				9CA2E5C920E8AA0C00AE25C7 /* ZYFMyCenterViewController.m */,
			);
			path = Main;
			sourceTree = "<group>";
		};
		9CA2E5C720E8A9F000AE25C7 /* SubController */ = {
			isa = PBXGroup;
			children = (
			);
			path = SubController;
			sourceTree = "<group>";
		};
		9CA2E5F320E8CA9100AE25C7 /* CusSortLayout */ = {
			isa = PBXGroup;
			children = (
				9C424F1C20EA233F0044CD73 /* DCNewWelfareLayout.h */,
				9C424F1B20EA233E0044CD73 /* DCNewWelfareLayout.m */,
			);
			path = CusSortLayout;
			sourceTree = "<group>";
		};
		9CA2E5F420E8CA9C00AE25C7 /* CollectionView */ = {
			isa = PBXGroup;
			children = (
				9CA2E5F720E8CAB500AE25C7 /* Header */,
				9CA2E5F620E8CAAF00AE25C7 /* Footer */,
				9CA2E5F520E8CAA800AE25C7 /* Cell */,
			);
			path = CollectionView;
			sourceTree = "<group>";
		};
		9CA2E5F520E8CAA800AE25C7 /* Cell */ = {
			isa = PBXGroup;
			children = (
				9C424F2020EA23510044CD73 /* DCGoodsHandheldCell.h */,
				9C424F1E20EA234E0044CD73 /* DCGoodsHandheldCell.m */,
				9C424F1F20EA234F0044CD73 /* DCNewWelfareCell.h */,
				9C424F2120EA23520044CD73 /* DCNewWelfareCell.m */,
				9CA2E5F820E8CAFC00AE25C7 /* ZYFGoodsGridCell.h */,
				9CA2E5F920E8CAFC00AE25C7 /* ZYFGoodsGridCell.m */,
			);
			path = Cell;
			sourceTree = "<group>";
		};
		9CA2E5F620E8CAAF00AE25C7 /* Footer */ = {
			isa = PBXGroup;
			children = (
				9C6E8D6320E9C74D001822A1 /* ZYFTopLineFootView.h */,
				9C6E8D6420E9C74D001822A1 /* ZYFTopLineFootView.m */,
			);
			path = Footer;
			sourceTree = "<group>";
		};
		9CA2E5F720E8CAB500AE25C7 /* Header */ = {
			isa = PBXGroup;
			children = (
				9CA2E5FE20E8DE9000AE25C7 /* ZYFSlideshowHeadView.h */,
				9CA2E5FF20E8DE9000AE25C7 /* ZYFSlideshowHeadView.m */,
			);
			path = Header;
			sourceTree = "<group>";
		};
		9CA2E60120E8E49800AE25C7 /* Plist */ = {
			isa = PBXGroup;
			children = (
				9CA2E60220E8E49800AE25C7 /* 分类Plist */,
				9CA2E60D20E8E49800AE25C7 /* 美店 */,
				9CA2E61020E8E49800AE25C7 /* 我的Plist */,
				9CA2E61920E8E49800AE25C7 /* 首页Plist */,
				9CA2E61D20E8E49800AE25C7 /* 购物车Plist */,
			);
			path = Plist;
			sourceTree = "<group>";
		};
		9CA2E60220E8E49800AE25C7 /* 分类Plist */ = {
			isa = PBXGroup;
			children = (
				9CA2E60320E8E49800AE25C7 /* shareTerrace.plist */,
				9CA2E60420E8E49800AE25C7 /* ClassifyTitles.plist */,
				9CA2E60520E8E49800AE25C7 /* DetailRecommend.plist */,
				9CA2E60620E8E49800AE25C7 /* ClassiftyGoods03.plist */,
				9CA2E60720E8E49800AE25C7 /* ClasiftyGoods.plist */,
				9CA2E60820E8E49800AE25C7 /* ClassiftyGoods01.plist */,
				9CA2E60920E8E49800AE25C7 /* ClassiftyGoods02.plist */,
				9CA2E60A20E8E49800AE25C7 /* FootprintGoods.plist */,
				9CA2E60B20E8E49800AE25C7 /* ShopItem.plist */,
				9CA2E60C20E8E49800AE25C7 /* FiltrateItem.plist */,
			);
			path = "分类Plist";
			sourceTree = "<group>";
		};
		9CA2E60D20E8E49800AE25C7 /* 美店 */ = {
			isa = PBXGroup;
			children = (
				9CA2E60E20E8E49800AE25C7 /* BeautyShop.plist */,
				9CA2E60F20E8E49800AE25C7 /* BeautyRecommendShop.plist */,
			);
			path = "美店";
			sourceTree = "<group>";
		};
		9CA2E61020E8E49800AE25C7 /* 我的Plist */ = {
			isa = PBXGroup;
			children = (
				9CA2E61120E8E49800AE25C7 /* YouLikeGoods.plist */,
				9CA2E61220E8E49800AE25C7 /* CommentPic.plist */,
				9CA2E61320E8E49800AE25C7 /* MyCenterFlow.plist */,
				9CA2E61420E8E49800AE25C7 /* CommentData.plist */,
				9CA2E61520E8E49800AE25C7 /* CommentBadData.plist */,
				9CA2E61620E8E49800AE25C7 /* DeliveryAdress.plist */,
				9CA2E61720E8E49800AE25C7 /* MessageNote.plist */,
				9CA2E61820E8E49800AE25C7 /* MyServiceFlow.plist */,
			);
			path = "我的Plist";
			sourceTree = "<group>";
		};
		9CA2E61920E8E49800AE25C7 /* 首页Plist */ = {
			isa = PBXGroup;
			children = (
				9CA2E61A20E8E49800AE25C7 /* GoodsGrid.plist */,
				9CA2E61B20E8E49800AE25C7 /* HomeHighGoods.plist */,
				9CA2E61C20E8E49800AE25C7 /* CountDownShop.plist */,
			);
			path = "首页Plist";
			sourceTree = "<group>";
		};
		9CA2E61D20E8E49800AE25C7 /* 购物车Plist */ = {
			isa = PBXGroup;
			children = (
				9CA2E61E20E8E49800AE25C7 /* RecommendShop.plist */,
			);
			path = "购物车Plist";
			sourceTree = "<group>";
		};
		9CA2E61F20E8E49A00AE25C7 /* GIF */ = {
			isa = PBXGroup;
			children = (
				9CA2E62020E8E49A00AE25C7 /* loading.gif */,
				9CA2E62120E8E49A00AE25C7 /* loading2.gif */,
				9CA2E62220E8E49A00AE25C7 /* T1cdxgB5_T1RCvBVdK.gif */,
				9CA2E62320E8E49A00AE25C7 /* moveupAndDown@2x.gif */,
			);
			path = GIF;
			sourceTree = "<group>";
		};
		9CEF705A20E38EB4002192BA = {
			isa = PBXGroup;
			children = (
				9CEF706520E38EB4002192BA /* GuoMeiApp */,
				9CEF707E20E38EB6002192BA /* GuoMeiAppTests */,
				9CEF708920E38EB6002192BA /* GuoMeiAppUITests */,
				9CEF706420E38EB4002192BA /* Products */,
				E34101732262C42A4F390E0A /* Pods */,
				0690923FC79EDFFADC2186A7 /* Frameworks */,
			);
			sourceTree = "<group>";
		};
		9CEF706420E38EB4002192BA /* Products */ = {
			isa = PBXGroup;
			children = (
				9CEF706320E38EB4002192BA /* GuoMeiApp.app */,
				9CEF707B20E38EB6002192BA /* GuoMeiAppTests.xctest */,
				9CEF708620E38EB6002192BA /* GuoMeiAppUITests.xctest */,
			);
			name = Products;
			sourceTree = "<group>";
		};
		9CEF706520E38EB4002192BA /* GuoMeiApp */ = {
			isa = PBXGroup;
			children = (
				9CEF709820E38F94002192BA /* Classes */,
				9CEF706C20E38EB4002192BA /* Main.storyboard */,
				9CEF706F20E38EB5002192BA /* Assets.xcassets */,
				9CEF707120E38EB5002192BA /* LaunchScreen.storyboard */,
				9CEF707420E38EB5002192BA /* Info.plist */,
				9CEF707520E38EB5002192BA /* main.m */,
			);
			path = GuoMeiApp;
			sourceTree = "<group>";
		};
		9CEF707E20E38EB6002192BA /* GuoMeiAppTests */ = {
			isa = PBXGroup;
			children = (
				9CEF707F20E38EB6002192BA /* GuoMeiAppTests.m */,
				9CEF708120E38EB6002192BA /* Info.plist */,
			);
			path = GuoMeiAppTests;
			sourceTree = "<group>";
		};
		9CEF708920E38EB6002192BA /* GuoMeiAppUITests */ = {
			isa = PBXGroup;
			children = (
				9CEF708A20E38EB6002192BA /* GuoMeiAppUITests.m */,
				9CEF708C20E38EB6002192BA /* Info.plist */,
			);
			path = GuoMeiAppUITests;
			sourceTree = "<group>";
		};
		9CEF709820E38F94002192BA /* Classes */ = {
			isa = PBXGroup;
			children = (
				9CEF709920E38F94002192BA /* Home(首页) */,
				9CEF709E20E38F94002192BA /* Details(商品详情) */,
				9CEF70A120E38F94002192BA /* Classify(分类) */,
				9CEF709A20E38F94002192BA /* MediaList(美媒榜) */,
				9CEF709B20E38F94002192BA /* Expand(扩展) */,
				9CEF709C20E38F94002192BA /* BeautyMessage(美信) */,
				9CEF709D20E38F94002192BA /* LoginMe(登录) */,
				9CEF709F20E38F94002192BA /* ShoppingCar(购物车) */,
				9CEF70A020E38F94002192BA /* BeautyShop(美店) */,
				9CEF70A220E38F94002192BA /* MyCenter(个人中心) */,
				9CEF70A320E38F94002192BA /* NewFeature(新特性) */,
				9CEF70A420E38F94002192BA /* Appdelegate */,
				9CEF70A520E38F94002192BA /* Resource */,
				9CEF70A620E38F94002192BA /* Main */,
			);
			path = Classes;
			sourceTree = "<group>";
		};
		9CEF709920E38F94002192BA /* Home(首页) */ = {
			isa = PBXGroup;
			children = (
				9CA2E57D20E7EFA700AE25C7 /* Main */,
				9CA2E57C20E7EF9C00AE25C7 /* Scan(扫描) */,
			);
			path = "Home(首页)";
			sourceTree = "<group>";
		};
		9CEF709A20E38F94002192BA /* MediaList(美媒榜) */ = {
			isa = PBXGroup;
			children = (
				9CA2E5A020E8980D00AE25C7 /* Main */,
			);
			path = "MediaList(美媒榜)";
			sourceTree = "<group>";
		};
		9CEF709B20E38F94002192BA /* Expand(扩展) */ = {
			isa = PBXGroup;
			children = (
				9CA2E4D220E75B3500AE25C7 /* Category(分类) */,
				9CA2E4CF20E75B3500AE25C7 /* Const(常量) */,
				9CA2E4D020E75B3500AE25C7 /* CustionButton */,
				9CA2E4D120E75B3500AE25C7 /* Headers(头文件) */,
				9CA2E4CE20E75B3500AE25C7 /* Macros(宏) */,
				9CA2E4D320E75B3500AE25C7 /* Tools(工具) */,
				9CA2E4D420E75B3500AE25C7 /* Vendors(第三方) */,
			);
			path = "Expand(扩展)";
			sourceTree = "<group>";
		};
		9CEF709C20E38F94002192BA /* BeautyMessage(美信) */ = {
			isa = PBXGroup;
			children = (
				9CEF70AA20E39181002192BA /* ZYFBeautyMessageViewController.h */,
				9CEF70AB20E39181002192BA /* ZYFBeautyMessageViewController.m */,
			);
			path = "BeautyMessage(美信)";
			sourceTree = "<group>";
		};
		9CEF709D20E38F94002192BA /* LoginMe(登录) */ = {
			isa = PBXGroup;
			children = (
				9CA2E58E20E7F29A00AE25C7 /* ViewController */,
				9CA2E58D20E7F29500AE25C7 /* View */,
			);
			path = "LoginMe(登录)";
			sourceTree = "<group>";
		};
		9CEF709E20E38F94002192BA /* Details(商品详情) */ = {
			isa = PBXGroup;
			children = (
				9CA2E58320E7EFF200AE25C7 /* Model */,
				9CA2E58220E7EFED00AE25C7 /* View */,
				9CA2E58120E7EFE500AE25C7 /* ViewController */,
			);
			path = "Details(商品详情)";
			sourceTree = "<group>";
		};
		9CEF709F20E38F94002192BA /* ShoppingCar(购物车) */ = {
			isa = PBXGroup;
			children = (
				9CA2E58520E7F03E00AE25C7 /* Model */,
				9CA2E58420E7F03E00AE25C7 /* View */,
				9CA2E58620E7F03E00AE25C7 /* ViewController */,
			);
			path = "ShoppingCar(购物车)";
			sourceTree = "<group>";
		};
		9CEF70A020E38F94002192BA /* BeautyShop(美店) */ = {
			isa = PBXGroup;
			children = (
				9CA2E59C20E897E600AE25C7 /* Main */,
			);
			path = "BeautyShop(美店)";
			sourceTree = "<group>";
		};
		9CEF70A120E38F94002192BA /* Classify(分类) */ = {
			isa = PBXGroup;
			children = (
				9CA2E58720E7F05000AE25C7 /* Model */,
				9CA2E58920E7F05000AE25C7 /* View */,
				9CA2E58820E7F05000AE25C7 /* ViewController */,
			);
			path = "Classify(分类)";
			sourceTree = "<group>";
		};
		9CEF70A220E38F94002192BA /* MyCenter(个人中心) */ = {
			isa = PBXGroup;
			children = (
				9CA2E5C120E8A9B600AE25C7 /* Main */,
				9CA2E5C020E8A9AE00AE25C7 /* Setting */,
			);
			path = "MyCenter(个人中心)";
			sourceTree = "<group>";
		};
		9CEF70A320E38F94002192BA /* NewFeature(新特性) */ = {
			isa = PBXGroup;
			children = (
				9CA2E54D20E7E46900AE25C7 /* View */,
				9CA2E54C20E7E45B00AE25C7 /* ViewController */,
			);
			path = "NewFeature(新特性)";
			sourceTree = "<group>";
		};
		9CEF70A420E38F94002192BA /* Appdelegate */ = {
			isa = PBXGroup;
			children = (
				9CEF70A820E38FC7002192BA /* AppDelegate.h */,
				9CEF70A720E38FC7002192BA /* AppDelegate.m */,
			);
			path = Appdelegate;
			sourceTree = "<group>";
		};
		9CEF70A520E38F94002192BA /* Resource */ = {
			isa = PBXGroup;
			children = (
				9CA2E61F20E8E49A00AE25C7 /* GIF */,
				9CA2E60120E8E49800AE25C7 /* Plist */,
			);
			path = Resource;
			sourceTree = "<group>";
		};
		9CEF70A620E38F94002192BA /* Main */ = {
			isa = PBXGroup;
			children = (
				9CA2E4C820E759E100AE25C7 /* AppVersion */,
				9CA2E4C920E759E100AE25C7 /* Controller */,
				9CA2E4CA20E759E100AE25C7 /* UserInfo */,
				9CA2E4C720E759E100AE25C7 /* View */,
			);
			path = Main;
			sourceTree = "<group>";
		};
		E34101732262C42A4F390E0A /* Pods */ = {
			isa = PBXGroup;
			children = (
				BDAC1945DE3A6AED9A291D52 /* Pods-GuoMeiApp.debug.xcconfig */,
				97E45C963CE87DB776A20217 /* Pods-GuoMeiApp.release.xcconfig */,
				D66AF2BFD4E422C223822459 /* Pods-GuoMeiAppTests.debug.xcconfig */,
				F81F11CDBBD3EF33FFB684FE /* Pods-GuoMeiAppTests.release.xcconfig */,
				FBCAF1FBCFBBAA3F5356BE8D /* Pods-GuoMeiAppUITests.debug.xcconfig */,
				B0754C7135D9C74D725AE050 /* Pods-GuoMeiAppUITests.release.xcconfig */,
			);
			name = Pods;
			sourceTree = "<group>";
		};
/* End PBXGroup section */

/* Begin PBXNativeTarget section */
		9CEF706220E38EB4002192BA /* GuoMeiApp */ = {
			isa = PBXNativeTarget;
			buildConfigurationList = 9CEF708F20E38EB6002192BA /* Build configuration list for PBXNativeTarget "GuoMeiApp" */;
			buildPhases = (
				D2E830869B039A992F83370E /* [CP] Check Pods Manifest.lock */,
				9CEF705F20E38EB4002192BA /* Sources */,
				9CEF706020E38EB4002192BA /* Frameworks */,
				9CEF706120E38EB4002192BA /* Resources */,
				B1516B939ED8AE2050622D89 /* [CP] Copy Pods Resources */,
			);
			buildRules = (
			);
			dependencies = (
			);
			name = GuoMeiApp;
			productName = GuoMeiApp;
			productReference = 9CEF706320E38EB4002192BA /* GuoMeiApp.app */;
			productType = "com.apple.product-type.application";
		};
		9CEF707A20E38EB6002192BA /* GuoMeiAppTests */ = {
			isa = PBXNativeTarget;
			buildConfigurationList = 9CEF709220E38EB6002192BA /* Build configuration list for PBXNativeTarget "GuoMeiAppTests" */;
			buildPhases = (
				F6858485D56992A81344AC50 /* [CP] Check Pods Manifest.lock */,
				9CEF707720E38EB6002192BA /* Sources */,
				9CEF707820E38EB6002192BA /* Frameworks */,
				9CEF707920E38EB6002192BA /* Resources */,
			);
			buildRules = (
			);
			dependencies = (
				9CEF707D20E38EB6002192BA /* PBXTargetDependency */,
			);
			name = GuoMeiAppTests;
			productName = GuoMeiAppTests;
			productReference = 9CEF707B20E38EB6002192BA /* GuoMeiAppTests.xctest */;
			productType = "com.apple.product-type.bundle.unit-test";
		};
		9CEF708520E38EB6002192BA /* GuoMeiAppUITests */ = {
			isa = PBXNativeTarget;
			buildConfigurationList = 9CEF709520E38EB6002192BA /* Build configuration list for PBXNativeTarget "GuoMeiAppUITests" */;
			buildPhases = (
				8B8E6131921F7D6B19F84F98 /* [CP] Check Pods Manifest.lock */,
				9CEF708220E38EB6002192BA /* Sources */,
				9CEF708320E38EB6002192BA /* Frameworks */,
				9CEF708420E38EB6002192BA /* Resources */,
			);
			buildRules = (
			);
			dependencies = (
				9CEF708820E38EB6002192BA /* PBXTargetDependency */,
			);
			name = GuoMeiAppUITests;
			productName = GuoMeiAppUITests;
			productReference = 9CEF708620E38EB6002192BA /* GuoMeiAppUITests.xctest */;
			productType = "com.apple.product-type.bundle.ui-testing";
		};
/* End PBXNativeTarget section */

/* Begin PBXProject section */
		9CEF705B20E38EB4002192BA /* Project object */ = {
			isa = PBXProject;
			attributes = {
				CLASSPREFIX = ZYF;
				LastUpgradeCheck = 0930;
				ORGANIZATIONNAME = com.justsee;
				TargetAttributes = {
					9CEF706220E38EB4002192BA = {
						CreatedOnToolsVersion = 9.3;
					};
					9CEF707A20E38EB6002192BA = {
						CreatedOnToolsVersion = 9.3;
						TestTargetID = 9CEF706220E38EB4002192BA;
					};
					9CEF708520E38EB6002192BA = {
						CreatedOnToolsVersion = 9.3;
						TestTargetID = 9CEF706220E38EB4002192BA;
					};
				};
			};
			buildConfigurationList = 9CEF705E20E38EB4002192BA /* Build configuration list for PBXProject "GuoMeiApp" */;
			compatibilityVersion = "Xcode 9.3";
			developmentRegion = en;
			hasScannedForEncodings = 0;
			knownRegions = (
				en,
				Base,
			);
			mainGroup = 9CEF705A20E38EB4002192BA;
			productRefGroup = 9CEF706420E38EB4002192BA /* Products */;
			projectDirPath = "";
			projectRoot = "";
			targets = (
				9CEF706220E38EB4002192BA /* GuoMeiApp */,
				9CEF707A20E38EB6002192BA /* GuoMeiAppTests */,
				9CEF708520E38EB6002192BA /* GuoMeiAppUITests */,
			);
		};
/* End PBXProject section */

/* Begin PBXResourcesBuildPhase section */
		9CEF706120E38EB4002192BA /* Resources */ = {
			isa = PBXResourcesBuildPhase;
			buildActionMask = 2147483647;
			files = (
				9CA2E63420E8E49A00AE25C7 /* CommentBadData.plist in Resources */,
				9CA2E59620E7F2C300AE25C7 /* ZYFLoginViewController.xib in Resources */,
				9CA2E63920E8E49A00AE25C7 /* HomeHighGoods.plist in Resources */,
				9CA2E63A20E8E49A00AE25C7 /* CountDownShop.plist in Resources */,
				9CA2E62F20E8E49A00AE25C7 /* BeautyRecommendShop.plist in Resources */,
				9CA2E63B20E8E49A00AE25C7 /* RecommendShop.plist in Resources */,
				9CA2E62A20E8E49A00AE25C7 /* ClassiftyGoods02.plist in Resources */,
				9CA2E63720E8E49A00AE25C7 /* MyServiceFlow.plist in Resources */,
				9CA2E62820E8E49A00AE25C7 /* ClasiftyGoods.plist in Resources */,
				9CA2E63F20E8E49A00AE25C7 /* moveupAndDown@2x.gif in Resources */,
				9CA2E63320E8E49A00AE25C7 /* CommentData.plist in Resources */,
				9CA2E62720E8E49A00AE25C7 /* ClassiftyGoods03.plist in Resources */,
				9CA2E62920E8E49A00AE25C7 /* ClassiftyGoods01.plist in Resources */,
				9CA2E63520E8E49A00AE25C7 /* DeliveryAdress.plist in Resources */,
				9CA2E63620E8E49A00AE25C7 /* MessageNote.plist in Resources */,
				9CA2E62C20E8E49A00AE25C7 /* ShopItem.plist in Resources */,
				9CA2E63120E8E49A00AE25C7 /* CommentPic.plist in Resources */,
				9CA2E62420E8E49A00AE25C7 /* shareTerrace.plist in Resources */,
				9CA2E63C20E8E49A00AE25C7 /* loading.gif in Resources */,
				9CEF707320E38EB5002192BA /* LaunchScreen.storyboard in Resources */,
				9CA2E63020E8E49A00AE25C7 /* YouLikeGoods.plist in Resources */,
				9CA2E63820E8E49A00AE25C7 /* GoodsGrid.plist in Resources */,
				9CA2E62E20E8E49A00AE25C7 /* BeautyShop.plist in Resources */,
				9CEF707020E38EB5002192BA /* Assets.xcassets in Resources */,
				9CEF706E20E38EB4002192BA /* Main.storyboard in Resources */,
				9CA2E62D20E8E49A00AE25C7 /* FiltrateItem.plist in Resources */,
				9CA2E62620E8E49A00AE25C7 /* DetailRecommend.plist in Resources */,
				9CA2E62520E8E49A00AE25C7 /* ClassifyTitles.plist in Resources */,
				9CA2E62B20E8E49A00AE25C7 /* FootprintGoods.plist in Resources */,
				9CA2E63D20E8E49A00AE25C7 /* loading2.gif in Resources */,
				9CA2E63220E8E49A00AE25C7 /* MyCenterFlow.plist in Resources */,
				9CA2E63E20E8E49A00AE25C7 /* T1cdxgB5_T1RCvBVdK.gif in Resources */,
			);
			runOnlyForDeploymentPostprocessing = 0;
		};
		9CEF707920E38EB6002192BA /* Resources */ = {
			isa = PBXResourcesBuildPhase;
			buildActionMask = 2147483647;
			files = (
			);
			runOnlyForDeploymentPostprocessing = 0;
		};
		9CEF708420E38EB6002192BA /* Resources */ = {
			isa = PBXResourcesBuildPhase;
			buildActionMask = 2147483647;
			files = (
			);
			runOnlyForDeploymentPostprocessing = 0;
		};
/* End PBXResourcesBuildPhase section */

/* Begin PBXShellScriptBuildPhase section */
		8B8E6131921F7D6B19F84F98 /* [CP] Check Pods Manifest.lock */ = {
			isa = PBXShellScriptBuildPhase;
			buildActionMask = 2147483647;
			files = (
			);
			inputPaths = (
				"${PODS_PODFILE_DIR_PATH}/Podfile.lock",
				"${PODS_ROOT}/Manifest.lock",
			);
			name = "[CP] Check Pods Manifest.lock";
			outputPaths = (
				"$(DERIVED_FILE_DIR)/Pods-GuoMeiAppUITests-checkManifestLockResult.txt",
			);
			runOnlyForDeploymentPostprocessing = 0;
			shellPath = /bin/sh;
			shellScript = "diff \"${PODS_PODFILE_DIR_PATH}/Podfile.lock\" \"${PODS_ROOT}/Manifest.lock\" > /dev/null\nif [ $? != 0 ] ; then\n    # print error to STDERR\n    echo \"error: The sandbox is not in sync with the Podfile.lock. Run 'pod install' or update your CocoaPods installation.\" >&2\n    exit 1\nfi\n# This output is used by Xcode 'outputs' to avoid re-running this script phase.\necho \"SUCCESS\" > \"${SCRIPT_OUTPUT_FILE_0}\"\n";
			showEnvVarsInLog = 0;
		};
		B1516B939ED8AE2050622D89 /* [CP] Copy Pods Resources */ = {
			isa = PBXShellScriptBuildPhase;
			buildActionMask = 2147483647;
			files = (
			);
			inputPaths = (
				"${SRCROOT}/Pods/Target Support Files/Pods-GuoMeiApp/Pods-GuoMeiApp-resources.sh",
				"${PODS_ROOT}/IQKeyboardManager/IQKeyboardManager/Resources/IQKeyboardManager.bundle",
				"${PODS_ROOT}/MJRefresh/MJRefresh/MJRefresh.bundle",
			);
			name = "[CP] Copy Pods Resources";
			outputPaths = (
				"${TARGET_BUILD_DIR}/${UNLOCALIZED_RESOURCES_FOLDER_PATH}/IQKeyboardManager.bundle",
				"${TARGET_BUILD_DIR}/${UNLOCALIZED_RESOURCES_FOLDER_PATH}/MJRefresh.bundle",
			);
			runOnlyForDeploymentPostprocessing = 0;
			shellPath = /bin/sh;
			shellScript = "\"${SRCROOT}/Pods/Target Support Files/Pods-GuoMeiApp/Pods-GuoMeiApp-resources.sh\"\n";
			showEnvVarsInLog = 0;
		};
		D2E830869B039A992F83370E /* [CP] Check Pods Manifest.lock */ = {
			isa = PBXShellScriptBuildPhase;
			buildActionMask = 2147483647;
			files = (
			);
			inputPaths = (
				"${PODS_PODFILE_DIR_PATH}/Podfile.lock",
				"${PODS_ROOT}/Manifest.lock",
			);
			name = "[CP] Check Pods Manifest.lock";
			outputPaths = (
				"$(DERIVED_FILE_DIR)/Pods-GuoMeiApp-checkManifestLockResult.txt",
			);
			runOnlyForDeploymentPostprocessing = 0;
			shellPath = /bin/sh;
			shellScript = "diff \"${PODS_PODFILE_DIR_PATH}/Podfile.lock\" \"${PODS_ROOT}/Manifest.lock\" > /dev/null\nif [ $? != 0 ] ; then\n    # print error to STDERR\n    echo \"error: The sandbox is not in sync with the Podfile.lock. Run 'pod install' or update your CocoaPods installation.\" >&2\n    exit 1\nfi\n# This output is used by Xcode 'outputs' to avoid re-running this script phase.\necho \"SUCCESS\" > \"${SCRIPT_OUTPUT_FILE_0}\"\n";
			showEnvVarsInLog = 0;
		};
		F6858485D56992A81344AC50 /* [CP] Check Pods Manifest.lock */ = {
			isa = PBXShellScriptBuildPhase;
			buildActionMask = 2147483647;
			files = (
			);
			inputPaths = (
				"${PODS_PODFILE_DIR_PATH}/Podfile.lock",
				"${PODS_ROOT}/Manifest.lock",
			);
			name = "[CP] Check Pods Manifest.lock";
			outputPaths = (
				"$(DERIVED_FILE_DIR)/Pods-GuoMeiAppTests-checkManifestLockResult.txt",
			);
			runOnlyForDeploymentPostprocessing = 0;
			shellPath = /bin/sh;
			shellScript = "diff \"${PODS_PODFILE_DIR_PATH}/Podfile.lock\" \"${PODS_ROOT}/Manifest.lock\" > /dev/null\nif [ $? != 0 ] ; then\n    # print error to STDERR\n    echo \"error: The sandbox is not in sync with the Podfile.lock. Run 'pod install' or update your CocoaPods installation.\" >&2\n    exit 1\nfi\n# This output is used by Xcode 'outputs' to avoid re-running this script phase.\necho \"SUCCESS\" > \"${SCRIPT_OUTPUT_FILE_0}\"\n";
			showEnvVarsInLog = 0;
		};
/* End PBXShellScriptBuildPhase section */

/* Begin PBXSourcesBuildPhase section */
		9CEF705F20E38EB4002192BA /* Sources */ = {
			isa = PBXSourcesBuildPhase;
			buildActionMask = 2147483647;
			files = (
				9CA2E64220E8E75100AE25C7 /* ZYFHomeTopToolView.m in Sources */,
				9CA2E57820E7EDE600AE25C7 /* UIBarButtonItem+DCBarButtonItem.m in Sources */,
				9CA2E55320E7E49500AE25C7 /* ZYFFeatureCell.m in Sources */,
				9CA2E5B920E89CE500AE25C7 /* ZYFTabBadgeView.m in Sources */,
				9CEF70AC20E39181002192BA /* ZYFBeautyMessageViewController.m in Sources */,
				9CA2E55020E7E48000AE25C7 /* ZYFFeatureViewController.m in Sources */,
				9CA2E5CA20E8AA0C00AE25C7 /* ZYFMyCenterViewController.m in Sources */,
				9CA2E5CD20E8B00B00AE25C7 /* DCObjManager.m in Sources */,
				9CA2E4E220E77B9B00AE25C7 /* ZYFTabBarController.m in Sources */,
				9CA2E4DB20E75C3C00AE25C7 /* DCConsts.m in Sources */,
				9CA2E60020E8DE9000AE25C7 /* ZYFSlideshowHeadView.m in Sources */,
				9CA2E59520E7F2C300AE25C7 /* ZYFLoginViewController.m in Sources */,
				9CA2E59920E7F2D900AE25C7 /* ZYFRegisteredViewController.m in Sources */,
				9C6E8D6520E9C74D001822A1 /* ZYFTopLineFootView.m in Sources */,
				9CA2E5AD20E898D900AE25C7 /* ZYFGoodDetailViewController.m in Sources */,
				9C6E8D6B20E9C8B8001822A1 /* UIView+DCRolling.m in Sources */,
				9CA2E5BF20E8A8B700AE25C7 /* ZYFHandPickViewController.m in Sources */,
				9CA2E5F220E8C8F400AE25C7 /* ZYFGridItem.m in Sources */,
				9CA2E5FA20E8CAFC00AE25C7 /* ZYFGoodsGridCell.m in Sources */,
				9CEF707620E38EB5002192BA /* main.m in Sources */,
				9CA2E58C20E7F0E700AE25C7 /* ZYFBaseSetViewController.m in Sources */,
				9C424F2220EA23520044CD73 /* DCGoodsHandheldCell.m in Sources */,
				9CA2E4DF20E7755700AE25C7 /* ZYFAppVersionTool.m in Sources */,
				9C424F1D20EA233F0044CD73 /* DCNewWelfareLayout.m in Sources */,
				9CA2E5A520E8986A00AE25C7 /* ZYFMediaListViewController.m in Sources */,
				9CA2E4DC20E75C3C00AE25C7 /* DCNotificationCenterName.m in Sources */,
				9C6E8D6220E9BF40001822A1 /* ZYFHomeRefreshGifHeader.m in Sources */,
				9C6E8D6C20E9C8B8001822A1 /* DCTitleRolling.m in Sources */,
				9CA2E57B20E7EDF100AE25C7 /* UIView+DCExtension.m in Sources */,
				9CEF70A920E38FC7002192BA /* AppDelegate.m in Sources */,
				9CA2E5B620E8995500AE25C7 /* ZYFCommodityViewController.m in Sources */,
				9CA2E5A820E8989500AE25C7 /* ZYFBeautyShopViewController.m in Sources */,
				9C424F2320EA23520044CD73 /* DCNewWelfareCell.m in Sources */,
				9CA2E5FD20E8D36300AE25C7 /* UIColor+ZYFColorChange.m in Sources */,
				9CA2E4CD20E75A0800AE25C7 /* ZYFNavigationController.m in Sources */,
				9CA2E5BC20E8A04300AE25C7 /* DCSpeedy.m in Sources */,
			);
			runOnlyForDeploymentPostprocessing = 0;
		};
		9CEF707720E38EB6002192BA /* Sources */ = {
			isa = PBXSourcesBuildPhase;
			buildActionMask = 2147483647;
			files = (
				9CEF708020E38EB6002192BA /* GuoMeiAppTests.m in Sources */,
			);
			runOnlyForDeploymentPostprocessing = 0;
		};
		9CEF708220E38EB6002192BA /* Sources */ = {
			isa = PBXSourcesBuildPhase;
			buildActionMask = 2147483647;
			files = (
				9CEF708B20E38EB6002192BA /* GuoMeiAppUITests.m in Sources */,
			);
			runOnlyForDeploymentPostprocessing = 0;
		};
/* End PBXSourcesBuildPhase section */

/* Begin PBXTargetDependency section */
		9CEF707D20E38EB6002192BA /* PBXTargetDependency */ = {
			isa = PBXTargetDependency;
			target = 9CEF706220E38EB4002192BA /* GuoMeiApp */;
			targetProxy = 9CEF707C20E38EB6002192BA /* PBXContainerItemProxy */;
		};
		9CEF708820E38EB6002192BA /* PBXTargetDependency */ = {
			isa = PBXTargetDependency;
			target = 9CEF706220E38EB4002192BA /* GuoMeiApp */;
			targetProxy = 9CEF708720E38EB6002192BA /* PBXContainerItemProxy */;
		};
/* End PBXTargetDependency section */

/* Begin PBXVariantGroup section */
		9CEF706C20E38EB4002192BA /* Main.storyboard */ = {
			isa = PBXVariantGroup;
			children = (
				9CEF706D20E38EB4002192BA /* Base */,
			);
			name = Main.storyboard;
			sourceTree = "<group>";
		};
		9CEF707120E38EB5002192BA /* LaunchScreen.storyboard */ = {
			isa = PBXVariantGroup;
			children = (
				9CEF707220E38EB5002192BA /* Base */,
			);
			name = LaunchScreen.storyboard;
			sourceTree = "<group>";
		};
/* End PBXVariantGroup section */

/* Begin XCBuildConfiguration section */
		9CEF708D20E38EB6002192BA /* Debug */ = {
			isa = XCBuildConfiguration;
			buildSettings = {
				ALWAYS_SEARCH_USER_PATHS = NO;
				CLANG_ANALYZER_NONNULL = YES;
				CLANG_ANALYZER_NUMBER_OBJECT_CONVERSION = YES_AGGRESSIVE;
				CLANG_CXX_LANGUAGE_STANDARD = "gnu++14";
				CLANG_CXX_LIBRARY = "libc++";
				CLANG_ENABLE_MODULES = YES;
				CLANG_ENABLE_OBJC_ARC = YES;
				CLANG_ENABLE_OBJC_WEAK = YES;
				CLANG_WARN_BLOCK_CAPTURE_AUTORELEASING = YES;
				CLANG_WARN_BOOL_CONVERSION = YES;
				CLANG_WARN_COMMA = YES;
				CLANG_WARN_CONSTANT_CONVERSION = YES;
				CLANG_WARN_DEPRECATED_OBJC_IMPLEMENTATIONS = YES;
				CLANG_WARN_DIRECT_OBJC_ISA_USAGE = YES_ERROR;
				CLANG_WARN_DOCUMENTATION_COMMENTS = YES;
				CLANG_WARN_EMPTY_BODY = YES;
				CLANG_WARN_ENUM_CONVERSION = YES;
				CLANG_WARN_INFINITE_RECURSION = YES;
				CLANG_WARN_INT_CONVERSION = YES;
				CLANG_WARN_NON_LITERAL_NULL_CONVERSION = YES;
				CLANG_WARN_OBJC_IMPLICIT_RETAIN_SELF = YES;
				CLANG_WARN_OBJC_LITERAL_CONVERSION = YES;
				CLANG_WARN_OBJC_ROOT_CLASS = YES_ERROR;
				CLANG_WARN_RANGE_LOOP_ANALYSIS = YES;
				CLANG_WARN_STRICT_PROTOTYPES = YES;
				CLANG_WARN_SUSPICIOUS_MOVE = YES;
				CLANG_WARN_UNGUARDED_AVAILABILITY = YES_AGGRESSIVE;
				CLANG_WARN_UNREACHABLE_CODE = YES;
				CLANG_WARN__DUPLICATE_METHOD_MATCH = YES;
				CODE_SIGN_IDENTITY = "iPhone Developer";
				COPY_PHASE_STRIP = NO;
				DEBUG_INFORMATION_FORMAT = dwarf;
				ENABLE_STRICT_OBJC_MSGSEND = YES;
				ENABLE_TESTABILITY = YES;
				GCC_C_LANGUAGE_STANDARD = gnu11;
				GCC_DYNAMIC_NO_PIC = NO;
				GCC_NO_COMMON_BLOCKS = YES;
				GCC_OPTIMIZATION_LEVEL = 0;
				GCC_PREPROCESSOR_DEFINITIONS = (
					"DEBUG=1",
					"$(inherited)",
				);
				GCC_WARN_64_TO_32_BIT_CONVERSION = YES;
				GCC_WARN_ABOUT_RETURN_TYPE = YES_ERROR;
				GCC_WARN_UNDECLARED_SELECTOR = YES;
				GCC_WARN_UNINITIALIZED_AUTOS = YES_AGGRESSIVE;
				GCC_WARN_UNUSED_FUNCTION = YES;
				GCC_WARN_UNUSED_VARIABLE = YES;
				IPHONEOS_DEPLOYMENT_TARGET = 11.3;
				MTL_ENABLE_DEBUG_INFO = YES;
				ONLY_ACTIVE_ARCH = YES;
				SDKROOT = iphoneos;
			};
			name = Debug;
		};
		9CEF708E20E38EB6002192BA /* Release */ = {
			isa = XCBuildConfiguration;
			buildSettings = {
				ALWAYS_SEARCH_USER_PATHS = NO;
				CLANG_ANALYZER_NONNULL = YES;
				CLANG_ANALYZER_NUMBER_OBJECT_CONVERSION = YES_AGGRESSIVE;
				CLANG_CXX_LANGUAGE_STANDARD = "gnu++14";
				CLANG_CXX_LIBRARY = "libc++";
				CLANG_ENABLE_MODULES = YES;
				CLANG_ENABLE_OBJC_ARC = YES;
				CLANG_ENABLE_OBJC_WEAK = YES;
				CLANG_WARN_BLOCK_CAPTURE_AUTORELEASING = YES;
				CLANG_WARN_BOOL_CONVERSION = YES;
				CLANG_WARN_COMMA = YES;
				CLANG_WARN_CONSTANT_CONVERSION = YES;
				CLANG_WARN_DEPRECATED_OBJC_IMPLEMENTATIONS = YES;
				CLANG_WARN_DIRECT_OBJC_ISA_USAGE = YES_ERROR;
				CLANG_WARN_DOCUMENTATION_COMMENTS = YES;
				CLANG_WARN_EMPTY_BODY = YES;
				CLANG_WARN_ENUM_CONVERSION = YES;
				CLANG_WARN_INFINITE_RECURSION = YES;
				CLANG_WARN_INT_CONVERSION = YES;
				CLANG_WARN_NON_LITERAL_NULL_CONVERSION = YES;
				CLANG_WARN_OBJC_IMPLICIT_RETAIN_SELF = YES;
				CLANG_WARN_OBJC_LITERAL_CONVERSION = YES;
				CLANG_WARN_OBJC_ROOT_CLASS = YES_ERROR;
				CLANG_WARN_RANGE_LOOP_ANALYSIS = YES;
				CLANG_WARN_STRICT_PROTOTYPES = YES;
				CLANG_WARN_SUSPICIOUS_MOVE = YES;
				CLANG_WARN_UNGUARDED_AVAILABILITY = YES_AGGRESSIVE;
				CLANG_WARN_UNREACHABLE_CODE = YES;
				CLANG_WARN__DUPLICATE_METHOD_MATCH = YES;
				CODE_SIGN_IDENTITY = "iPhone Developer";
				COPY_PHASE_STRIP = NO;
				DEBUG_INFORMATION_FORMAT = "dwarf-with-dsym";
				ENABLE_NS_ASSERTIONS = NO;
				ENABLE_STRICT_OBJC_MSGSEND = YES;
				GCC_C_LANGUAGE_STANDARD = gnu11;
				GCC_NO_COMMON_BLOCKS = YES;
				GCC_WARN_64_TO_32_BIT_CONVERSION = YES;
				GCC_WARN_ABOUT_RETURN_TYPE = YES_ERROR;
				GCC_WARN_UNDECLARED_SELECTOR = YES;
				GCC_WARN_UNINITIALIZED_AUTOS = YES_AGGRESSIVE;
				GCC_WARN_UNUSED_FUNCTION = YES;
				GCC_WARN_UNUSED_VARIABLE = YES;
				IPHONEOS_DEPLOYMENT_TARGET = 11.3;
				MTL_ENABLE_DEBUG_INFO = NO;
				SDKROOT = iphoneos;
				VALIDATE_PRODUCT = YES;
			};
			name = Release;
		};
		9CEF709020E38EB6002192BA /* Debug */ = {
			isa = XCBuildConfiguration;
			baseConfigurationReference = BDAC1945DE3A6AED9A291D52 /* Pods-GuoMeiApp.debug.xcconfig */;
			buildSettings = {
				ASSETCATALOG_COMPILER_APPICON_NAME = AppIcon;
				ASSETCATALOG_COMPILER_LAUNCHIMAGE_NAME = LaunchImage;
				CODE_SIGN_STYLE = Automatic;
				GCC_PREFIX_HEADER = "$(SRCROOT)/GuoMeiApp/Classes/Expand(扩展)/Headers(头文件)/Headers.h";
				INFOPLIST_FILE = GuoMeiApp/Info.plist;
				IPHONEOS_DEPLOYMENT_TARGET = 8.0;
				LD_RUNPATH_SEARCH_PATHS = (
					"$(inherited)",
					"@executable_path/Frameworks",
				);
				PRODUCT_BUNDLE_IDENTIFIER = com.justsee.GuoMeiApp;
				PRODUCT_NAME = "$(TARGET_NAME)";
				TARGETED_DEVICE_FAMILY = 1;
			};
			name = Debug;
		};
		9CEF709120E38EB6002192BA /* Release */ = {
			isa = XCBuildConfiguration;
			baseConfigurationReference = 97E45C963CE87DB776A20217 /* Pods-GuoMeiApp.release.xcconfig */;
			buildSettings = {
				ASSETCATALOG_COMPILER_APPICON_NAME = AppIcon;
				ASSETCATALOG_COMPILER_LAUNCHIMAGE_NAME = LaunchImage;
				CODE_SIGN_STYLE = Automatic;
				GCC_PREFIX_HEADER = "$(SRCROOT)/GuoMeiApp/Classes/Expand(扩展)/Headers(头文件)/Headers.h";
				INFOPLIST_FILE = GuoMeiApp/Info.plist;
				IPHONEOS_DEPLOYMENT_TARGET = 8.0;
				LD_RUNPATH_SEARCH_PATHS = (
					"$(inherited)",
					"@executable_path/Frameworks",
				);
				PRODUCT_BUNDLE_IDENTIFIER = com.justsee.GuoMeiApp;
				PRODUCT_NAME = "$(TARGET_NAME)";
				TARGETED_DEVICE_FAMILY = 1;
			};
			name = Release;
		};
		9CEF709320E38EB6002192BA /* Debug */ = {
			isa = XCBuildConfiguration;
			baseConfigurationReference = D66AF2BFD4E422C223822459 /* Pods-GuoMeiAppTests.debug.xcconfig */;
			buildSettings = {
				BUNDLE_LOADER = "$(TEST_HOST)";
				CODE_SIGN_STYLE = Automatic;
				INFOPLIST_FILE = GuoMeiAppTests/Info.plist;
				LD_RUNPATH_SEARCH_PATHS = (
					"$(inherited)",
					"@executable_path/Frameworks",
					"@loader_path/Frameworks",
				);
				PRODUCT_BUNDLE_IDENTIFIER = com.justsee.GuoMeiAppTests;
				PRODUCT_NAME = "$(TARGET_NAME)";
				TARGETED_DEVICE_FAMILY = "1,2";
				TEST_HOST = "$(BUILT_PRODUCTS_DIR)/GuoMeiApp.app/GuoMeiApp";
			};
			name = Debug;
		};
		9CEF709420E38EB6002192BA /* Release */ = {
			isa = XCBuildConfiguration;
			baseConfigurationReference = F81F11CDBBD3EF33FFB684FE /* Pods-GuoMeiAppTests.release.xcconfig */;
			buildSettings = {
				BUNDLE_LOADER = "$(TEST_HOST)";
				CODE_SIGN_STYLE = Automatic;
				INFOPLIST_FILE = GuoMeiAppTests/Info.plist;
				LD_RUNPATH_SEARCH_PATHS = (
					"$(inherited)",
					"@executable_path/Frameworks",
					"@loader_path/Frameworks",
				);
				PRODUCT_BUNDLE_IDENTIFIER = com.justsee.GuoMeiAppTests;
				PRODUCT_NAME = "$(TARGET_NAME)";
				TARGETED_DEVICE_FAMILY = "1,2";
				TEST_HOST = "$(BUILT_PRODUCTS_DIR)/GuoMeiApp.app/GuoMeiApp";
			};
			name = Release;
		};
		9CEF709620E38EB6002192BA /* Debug */ = {
			isa = XCBuildConfiguration;
			baseConfigurationReference = FBCAF1FBCFBBAA3F5356BE8D /* Pods-GuoMeiAppUITests.debug.xcconfig */;
			buildSettings = {
				CODE_SIGN_STYLE = Automatic;
				INFOPLIST_FILE = GuoMeiAppUITests/Info.plist;
				LD_RUNPATH_SEARCH_PATHS = (
					"$(inherited)",
					"@executable_path/Frameworks",
					"@loader_path/Frameworks",
				);
				PRODUCT_BUNDLE_IDENTIFIER = com.justsee.GuoMeiAppUITests;
				PRODUCT_NAME = "$(TARGET_NAME)";
				TARGETED_DEVICE_FAMILY = "1,2";
				TEST_TARGET_NAME = GuoMeiApp;
			};
			name = Debug;
		};
		9CEF709720E38EB6002192BA /* Release */ = {
			isa = XCBuildConfiguration;
			baseConfigurationReference = B0754C7135D9C74D725AE050 /* Pods-GuoMeiAppUITests.release.xcconfig */;
			buildSettings = {
				CODE_SIGN_STYLE = Automatic;
				INFOPLIST_FILE = GuoMeiAppUITests/Info.plist;
				LD_RUNPATH_SEARCH_PATHS = (
					"$(inherited)",
					"@executable_path/Frameworks",
					"@loader_path/Frameworks",
				);
				PRODUCT_BUNDLE_IDENTIFIER = com.justsee.GuoMeiAppUITests;
				PRODUCT_NAME = "$(TARGET_NAME)";
				TARGETED_DEVICE_FAMILY = "1,2";
				TEST_TARGET_NAME = GuoMeiApp;
			};
			name = Release;
		};
/* End XCBuildConfiguration section */

/* Begin XCConfigurationList section */
		9CEF705E20E38EB4002192BA /* Build configuration list for PBXProject "GuoMeiApp" */ = {
			isa = XCConfigurationList;
			buildConfigurations = (
				9CEF708D20E38EB6002192BA /* Debug */,
				9CEF708E20E38EB6002192BA /* Release */,
			);
			defaultConfigurationIsVisible = 0;
			defaultConfigurationName = Release;
		};
		9CEF708F20E38EB6002192BA /* Build configuration list for PBXNativeTarget "GuoMeiApp" */ = {
			isa = XCConfigurationList;
			buildConfigurations = (
				9CEF709020E38EB6002192BA /* Debug */,
				9CEF709120E38EB6002192BA /* Release */,
			);
			defaultConfigurationIsVisible = 0;
			defaultConfigurationName = Release;
		};
		9CEF709220E38EB6002192BA /* Build configuration list for PBXNativeTarget "GuoMeiAppTests" */ = {
			isa = XCConfigurationList;
			buildConfigurations = (
				9CEF709320E38EB6002192BA /* Debug */,
				9CEF709420E38EB6002192BA /* Release */,
			);
			defaultConfigurationIsVisible = 0;
			defaultConfigurationName = Release;
		};
		9CEF709520E38EB6002192BA /* Build configuration list for PBXNativeTarget "GuoMeiAppUITests" */ = {
			isa = XCConfigurationList;
			buildConfigurations = (
				9CEF709620E38EB6002192BA /* Debug */,
				9CEF709720E38EB6002192BA /* Release */,
			);
			defaultConfigurationIsVisible = 0;
			defaultConfigurationName = Release;
		};
/* End XCConfigurationList section */
	};
	rootObject = 9CEF705B20E38EB4002192BA /* Project object */;
}
